// !$*UTF8*$!
{
	archiveVersion = 1;
	classes = {
	};
	objectVersion = 50;
	objects = {

/* Begin PBXBuildFile section */
		7608867A239B89E100683955 /* WPRootViewController.json in Resources */ = {isa = PBXBuildFile; fileRef = 76088679239B89E100683955 /* WPRootViewController.json */; };
		76088686239B8A3A00683955 /* BaseSectionCell.m in Sources */ = {isa = PBXBuildFile; fileRef = 7608867C239B8A3A00683955 /* BaseSectionCell.m */; };
		76088687239B8A3A00683955 /* WPTableViewPlaceHolderView.m in Sources */ = {isa = PBXBuildFile; fileRef = 7608867D239B8A3A00683955 /* WPTableViewPlaceHolderView.m */; };
		76088688239B8A3A00683955 /* WPBaseHeaderFooterView.m in Sources */ = {isa = PBXBuildFile; fileRef = 7608867E239B8A3A00683955 /* WPBaseHeaderFooterView.m */; };
		76088689239B8A3A00683955 /* BaseSectionModel.m in Sources */ = {isa = PBXBuildFile; fileRef = 7608867F239B8A3A00683955 /* BaseSectionModel.m */; };
		7608868A239B8A3A00683955 /* BaseSectionTableViewViewController.m in Sources */ = {isa = PBXBuildFile; fileRef = 76088680239B8A3A00683955 /* BaseSectionTableViewViewController.m */; };
		7608869E239B8A6C00683955 /* UITableView+Placeholder.m in Sources */ = {isa = PBXBuildFile; fileRef = 7608868D239B8A6B00683955 /* UITableView+Placeholder.m */; };
		7608869F239B8A6C00683955 /* UIImageView+WPLoadBundleImage.m in Sources */ = {isa = PBXBuildFile; fileRef = 7608868E239B8A6B00683955 /* UIImageView+WPLoadBundleImage.m */; };
		760886A0239B8A6C00683955 /* NSObject+Swizzle.m in Sources */ = {isa = PBXBuildFile; fileRef = 7608868F239B8A6B00683955 /* NSObject+Swizzle.m */; };
		760886A1239B8A6C00683955 /* UITableViewCell+BaseCategory.m in Sources */ = {isa = PBXBuildFile; fileRef = 76088691239B8A6B00683955 /* UITableViewCell+BaseCategory.m */; };
		760886A2239B8A6C00683955 /* NSObject+AddParams.m in Sources */ = {isa = PBXBuildFile; fileRef = 76088693239B8A6B00683955 /* NSObject+AddParams.m */; };
		760886A3239B8A6C00683955 /* UIView+Masonry.m in Sources */ = {isa = PBXBuildFile; fileRef = 76088695239B8A6B00683955 /* UIView+Masonry.m */; };
		760886A4239B8A6C00683955 /* NSObject+Json.m in Sources */ = {isa = PBXBuildFile; fileRef = 76088697239B8A6C00683955 /* NSObject+Json.m */; };
		760886A5239B8A6C00683955 /* UITableViewHeaderFooterView+WPBaseCategory.m in Sources */ = {isa = PBXBuildFile; fileRef = 7608869A239B8A6C00683955 /* UITableViewHeaderFooterView+WPBaseCategory.m */; };
		760886A6239B8A6C00683955 /* NSString+MD5Encrypt.m in Sources */ = {isa = PBXBuildFile; fileRef = 7608869D239B8A6C00683955 /* NSString+MD5Encrypt.m */; };
		760886B0239B8C2A00683955 /* ParseVCJsonAPI.m in Sources */ = {isa = PBXBuildFile; fileRef = 760886AE239B8C2A00683955 /* ParseVCJsonAPI.m */; };
		760886D8239B8DC800683955 /* UIImage+MultiFormat.m in Sources */ = {isa = PBXBuildFile; fileRef = 760886BB239B8DC600683955 /* UIImage+MultiFormat.m */; };
		760886D9239B8DC800683955 /* SDWebImageDecoder.m in Sources */ = {isa = PBXBuildFile; fileRef = 760886BE239B8DC600683955 /* SDWebImageDecoder.m */; };
		760886DA239B8DC800683955 /* UIImageView+HighlightedWebCache.m in Sources */ = {isa = PBXBuildFile; fileRef = 760886BF239B8DC600683955 /* UIImageView+HighlightedWebCache.m */; };
		760886DB239B8DC800683955 /* SDWebImageManager.m in Sources */ = {isa = PBXBuildFile; fileRef = 760886C0239B8DC600683955 /* SDWebImageManager.m */; };
		760886DC239B8DC800683955 /* SDWebImageDownloader.m in Sources */ = {isa = PBXBuildFile; fileRef = 760886C1239B8DC600683955 /* SDWebImageDownloader.m */; };
		760886DD239B8DC800683955 /* SDImageCache.m in Sources */ = {isa = PBXBuildFile; fileRef = 760886C3239B8DC600683955 /* SDImageCache.m */; };
		760886DE239B8DC800683955 /* SDWebImagePrefetcher.m in Sources */ = {isa = PBXBuildFile; fileRef = 760886C5239B8DC600683955 /* SDWebImagePrefetcher.m */; };
		760886DF239B8DC800683955 /* SDWebImageDownloaderOperation.m in Sources */ = {isa = PBXBuildFile; fileRef = 760886C6239B8DC600683955 /* SDWebImageDownloaderOperation.m */; };
		760886E0239B8DC800683955 /* NSData+ImageContentType.m in Sources */ = {isa = PBXBuildFile; fileRef = 760886C7239B8DC700683955 /* NSData+ImageContentType.m */; };
		760886E1239B8DC800683955 /* UIView+WebCacheOperation.m in Sources */ = {isa = PBXBuildFile; fileRef = 760886C8239B8DC700683955 /* UIView+WebCacheOperation.m */; };
		760886E2239B8DC800683955 /* UIButton+WebCache.m in Sources */ = {isa = PBXBuildFile; fileRef = 760886C9239B8DC700683955 /* UIButton+WebCache.m */; };
		760886E3239B8DC800683955 /* UIImageView+WebCache.m in Sources */ = {isa = PBXBuildFile; fileRef = 760886CF239B8DC700683955 /* UIImageView+WebCache.m */; };
		760886E4239B8DC800683955 /* SDWebImageCompat.m in Sources */ = {isa = PBXBuildFile; fileRef = 760886D2239B8DC700683955 /* SDWebImageCompat.m */; };
		760886E5239B8DC800683955 /* UIImage+GIF.m in Sources */ = {isa = PBXBuildFile; fileRef = 760886D5239B8DC800683955 /* UIImage+GIF.m */; };
		760886EE239B8E2F00683955 /* CMPhotoBrowserAnimator.m in Sources */ = {isa = PBXBuildFile; fileRef = 760886E6239B8E2E00683955 /* CMPhotoBrowserAnimator.m */; };
		760886EF239B8E2F00683955 /* CMPhotoBrowserViewController.m in Sources */ = {isa = PBXBuildFile; fileRef = 760886EB239B8E2F00683955 /* CMPhotoBrowserViewController.m */; };
		760886F0239B8E2F00683955 /* CMCircleLoadingLayer.m in Sources */ = {isa = PBXBuildFile; fileRef = 760886EC239B8E2F00683955 /* CMCircleLoadingLayer.m */; };
		760886F1239B8E2F00683955 /* CMPhotoBrowserScrollView.m in Sources */ = {isa = PBXBuildFile; fileRef = 760886ED239B8E2F00683955 /* CMPhotoBrowserScrollView.m */; };
		76088722239B8FA300683955 /* MJRefreshAutoFooter.m in Sources */ = {isa = PBXBuildFile; fileRef = 760886FC239B8FA100683955 /* MJRefreshAutoFooter.m */; };
		76088723239B8FA300683955 /* MJRefreshAutoStateFooter.m in Sources */ = {isa = PBXBuildFile; fileRef = 760886FE239B8FA100683955 /* MJRefreshAutoStateFooter.m */; };
		76088724239B8FA300683955 /* MJRefreshGifHeader.m in Sources */ = {isa = PBXBuildFile; fileRef = 760886FF239B8FA100683955 /* MJRefreshGifHeader.m */; };
		76088725239B8FA300683955 /* MJRefreshHeader.m in Sources */ = {isa = PBXBuildFile; fileRef = 76088701239B8FA100683955 /* MJRefreshHeader.m */; };
		76088726239B8FA300683955 /* NSBundle+MJRefresh.m in Sources */ = {isa = PBXBuildFile; fileRef = 76088702239B8FA100683955 /* NSBundle+MJRefresh.m */; };
		76088727239B8FA300683955 /* MJRefreshBackStateFooter.m in Sources */ = {isa = PBXBuildFile; fileRef = 76088707239B8FA100683955 /* MJRefreshBackStateFooter.m */; };
		76088728239B8FA300683955 /* UIScrollView+MJRefresh.m in Sources */ = {isa = PBXBuildFile; fileRef = 76088708239B8FA200683955 /* UIScrollView+MJRefresh.m */; };
		76088729239B8FA300683955 /* MJRefreshFooter.m in Sources */ = {isa = PBXBuildFile; fileRef = 7608870A239B8FA200683955 /* MJRefreshFooter.m */; };
		7608872A239B8FA300683955 /* UIScrollView+MJExtension.m in Sources */ = {isa = PBXBuildFile; fileRef = 7608870B239B8FA200683955 /* UIScrollView+MJExtension.m */; };
		7608872B239B8FA300683955 /* MJRefreshStateHeader.m in Sources */ = {isa = PBXBuildFile; fileRef = 7608870D239B8FA200683955 /* MJRefreshStateHeader.m */; };
		7608872C239B8FA300683955 /* UIView+MJExtension.m in Sources */ = {isa = PBXBuildFile; fileRef = 7608870F239B8FA200683955 /* UIView+MJExtension.m */; };
		7608872D239B8FA300683955 /* MJRefreshBackFooter.m in Sources */ = {isa = PBXBuildFile; fileRef = 76088710239B8FA200683955 /* MJRefreshBackFooter.m */; };
		7608872E239B8FA300683955 /* MJRefreshAutoGifFooter.m in Sources */ = {isa = PBXBuildFile; fileRef = 76088711239B8FA200683955 /* MJRefreshAutoGifFooter.m */; };
		7608872F239B8FA300683955 /* MJRefreshComponent.m in Sources */ = {isa = PBXBuildFile; fileRef = 76088713239B8FA200683955 /* MJRefreshComponent.m */; };
		76088730239B8FA300683955 /* MJRefreshBackNormalFooter.m in Sources */ = {isa = PBXBuildFile; fileRef = 76088719239B8FA300683955 /* MJRefreshBackNormalFooter.m */; };
		76088731239B8FA300683955 /* MJRefreshConst.m in Sources */ = {isa = PBXBuildFile; fileRef = 7608871D239B8FA300683955 /* MJRefreshConst.m */; };
		76088732239B8FA300683955 /* MJRefreshBackGifFooter.m in Sources */ = {isa = PBXBuildFile; fileRef = 7608871E239B8FA300683955 /* MJRefreshBackGifFooter.m */; };
		76088733239B8FA300683955 /* MJRefreshAutoNormalFooter.m in Sources */ = {isa = PBXBuildFile; fileRef = 76088720239B8FA300683955 /* MJRefreshAutoNormalFooter.m */; };
		76088734239B8FA300683955 /* MJRefreshNormalHeader.m in Sources */ = {isa = PBXBuildFile; fileRef = 76088721239B8FA300683955 /* MJRefreshNormalHeader.m */; };
		76088737239B8FB500683955 /* MJRefresh.bundle in Resources */ = {isa = PBXBuildFile; fileRef = 76088736239B8FB500683955 /* MJRefresh.bundle */; };
		7608873B239B910F00683955 /* WPMasonryCodeReadViewController.m in Sources */ = {isa = PBXBuildFile; fileRef = 7608873A239B910F00683955 /* WPMasonryCodeReadViewController.m */; };
		76102DE923992F4B0094230D /* YYMemoryCache.m in Sources */ = {isa = PBXBuildFile; fileRef = 76102DE223992F4A0094230D /* YYMemoryCache.m */; };
		76102DEA23992F4B0094230D /* YYCache.m in Sources */ = {isa = PBXBuildFile; fileRef = 76102DE323992F4A0094230D /* YYCache.m */; };
		76102DEB23992F4B0094230D /* YYKVStorage.m in Sources */ = {isa = PBXBuildFile; fileRef = 76102DE523992F4A0094230D /* YYKVStorage.m */; };
		76102DEC23992F4B0094230D /* YYDiskCache.m in Sources */ = {isa = PBXBuildFile; fileRef = 76102DE723992F4A0094230D /* YYDiskCache.m */; };
		76127A4F239B857100D9E030 /* AFSecurityPolicy.m in Sources */ = {isa = PBXBuildFile; fileRef = 76127A44239B857000D9E030 /* AFSecurityPolicy.m */; };
		76127A50239B857100D9E030 /* AFURLRequestSerialization.m in Sources */ = {isa = PBXBuildFile; fileRef = 76127A46239B857000D9E030 /* AFURLRequestSerialization.m */; };
		76127A51239B857100D9E030 /* AFHTTPSessionManager.m in Sources */ = {isa = PBXBuildFile; fileRef = 76127A47239B857000D9E030 /* AFHTTPSessionManager.m */; };
		76127A52239B857100D9E030 /* AFNetworkReachabilityManager.m in Sources */ = {isa = PBXBuildFile; fileRef = 76127A4A239B857100D9E030 /* AFNetworkReachabilityManager.m */; };
		76127A53239B857100D9E030 /* AFURLSessionManager.m in Sources */ = {isa = PBXBuildFile; fileRef = 76127A4D239B857100D9E030 /* AFURLSessionManager.m */; };
		76127A54239B857100D9E030 /* AFURLResponseSerialization.m in Sources */ = {isa = PBXBuildFile; fileRef = 76127A4E239B857100D9E030 /* AFURLResponseSerialization.m */; };
		76127A69239B858200D9E030 /* UIImageView+AFNetworking.m in Sources */ = {isa = PBXBuildFile; fileRef = 76127A58239B858100D9E030 /* UIImageView+AFNetworking.m */; };
		76127A6A239B858200D9E030 /* AFNetworkActivityIndicatorManager.m in Sources */ = {isa = PBXBuildFile; fileRef = 76127A59239B858100D9E030 /* AFNetworkActivityIndicatorManager.m */; };
		76127A6B239B858200D9E030 /* AFImageDownloader.m in Sources */ = {isa = PBXBuildFile; fileRef = 76127A5A239B858100D9E030 /* AFImageDownloader.m */; };
		76127A6C239B858200D9E030 /* UIButton+AFNetworking.m in Sources */ = {isa = PBXBuildFile; fileRef = 76127A5D239B858100D9E030 /* UIButton+AFNetworking.m */; };
		76127A6D239B858200D9E030 /* UIProgressView+AFNetworking.m in Sources */ = {isa = PBXBuildFile; fileRef = 76127A5F239B858100D9E030 /* UIProgressView+AFNetworking.m */; };
		76127A6E239B858200D9E030 /* UIActivityIndicatorView+AFNetworking.m in Sources */ = {isa = PBXBuildFile; fileRef = 76127A60239B858100D9E030 /* UIActivityIndicatorView+AFNetworking.m */; };
		76127A6F239B858200D9E030 /* AFAutoPurgingImageCache.m in Sources */ = {isa = PBXBuildFile; fileRef = 76127A62239B858100D9E030 /* AFAutoPurgingImageCache.m */; };
		76127A70239B858200D9E030 /* UIRefreshControl+AFNetworking.m in Sources */ = {isa = PBXBuildFile; fileRef = 76127A66239B858200D9E030 /* UIRefreshControl+AFNetworking.m */; };
		76127A71239B858200D9E030 /* UIWebView+AFNetworking.m in Sources */ = {isa = PBXBuildFile; fileRef = 76127A68239B858200D9E030 /* UIWebView+AFNetworking.m */; };
		76DFBE732377D32D0092DDF9 /* AppDelegate.m in Sources */ = {isa = PBXBuildFile; fileRef = 76DFBE722377D32D0092DDF9 /* AppDelegate.m */; };
		76DFBE762377D32D0092DDF9 /* WPRootViewController.m in Sources */ = {isa = PBXBuildFile; fileRef = 76DFBE752377D32D0092DDF9 /* WPRootViewController.m */; };
		76DFBE792377D32D0092DDF9 /* Main.storyboard in Resources */ = {isa = PBXBuildFile; fileRef = 76DFBE772377D32D0092DDF9 /* Main.storyboard */; };
		76DFBE7B2377D32E0092DDF9 /* Assets.xcassets in Resources */ = {isa = PBXBuildFile; fileRef = 76DFBE7A2377D32E0092DDF9 /* Assets.xcassets */; };
		76DFBE7E2377D32E0092DDF9 /* LaunchScreen.storyboard in Resources */ = {isa = PBXBuildFile; fileRef = 76DFBE7C2377D32E0092DDF9 /* LaunchScreen.storyboard */; };
		76DFBE812377D32E0092DDF9 /* main.m in Sources */ = {isa = PBXBuildFile; fileRef = 76DFBE802377D32E0092DDF9 /* main.m */; };
		76DFBE8B2377D32E0092DDF9 /* ThridCodeReadDemoTests.m in Sources */ = {isa = PBXBuildFile; fileRef = 76DFBE8A2377D32E0092DDF9 /* ThridCodeReadDemoTests.m */; };
		76DFBE962377D32E0092DDF9 /* ThridCodeReadDemoUITests.m in Sources */ = {isa = PBXBuildFile; fileRef = 76DFBE952377D32E0092DDF9 /* ThridCodeReadDemoUITests.m */; };
		76DFBEBD2377D35A0092DDF9 /* NSArray+MASAdditions.m in Sources */ = {isa = PBXBuildFile; fileRef = 76DFBEA52377D3590092DDF9 /* NSArray+MASAdditions.m */; };
		76DFBEBE2377D35A0092DDF9 /* MASCompositeConstraint.m in Sources */ = {isa = PBXBuildFile; fileRef = 76DFBEA62377D3590092DDF9 /* MASCompositeConstraint.m */; };
		76DFBEBF2377D35A0092DDF9 /* View+MASAdditions.m in Sources */ = {isa = PBXBuildFile; fileRef = 76DFBEAA2377D3590092DDF9 /* View+MASAdditions.m */; };
		76DFBEC02377D35A0092DDF9 /* MASViewConstraint.m in Sources */ = {isa = PBXBuildFile; fileRef = 76DFBEB32377D3590092DDF9 /* MASViewConstraint.m */; };
		76DFBEC12377D35A0092DDF9 /* ViewController+MASAdditions.m in Sources */ = {isa = PBXBuildFile; fileRef = 76DFBEB42377D35A0092DDF9 /* ViewController+MASAdditions.m */; };
		76DFBEC22377D35A0092DDF9 /* MASLayoutConstraint.m in Sources */ = {isa = PBXBuildFile; fileRef = 76DFBEB52377D35A0092DDF9 /* MASLayoutConstraint.m */; };
		76DFBEC32377D35A0092DDF9 /* MASViewAttribute.m in Sources */ = {isa = PBXBuildFile; fileRef = 76DFBEB72377D35A0092DDF9 /* MASViewAttribute.m */; };
		76DFBEC42377D35A0092DDF9 /* NSLayoutConstraint+MASDebugAdditions.m in Sources */ = {isa = PBXBuildFile; fileRef = 76DFBEB82377D35A0092DDF9 /* NSLayoutConstraint+MASDebugAdditions.m */; };
		76DFBEC52377D35A0092DDF9 /* MASConstraintMaker.m in Sources */ = {isa = PBXBuildFile; fileRef = 76DFBEBB2377D35A0092DDF9 /* MASConstraintMaker.m */; };
		76DFBEC62377D35A0092DDF9 /* MASConstraint.m in Sources */ = {isa = PBXBuildFile; fileRef = 76DFBEBC2377D35A0092DDF9 /* MASConstraint.m */; };
		76DFBED02377D3890092DDF9 /* UITableView+FDIndexPathHeightCache.m in Sources */ = {isa = PBXBuildFile; fileRef = 76DFBEC92377D3890092DDF9 /* UITableView+FDIndexPathHeightCache.m */; };
		76DFBED12377D3890092DDF9 /* UITableView+FDTemplateLayoutCellDebug.m in Sources */ = {isa = PBXBuildFile; fileRef = 76DFBECC2377D3890092DDF9 /* UITableView+FDTemplateLayoutCellDebug.m */; };
		76DFBED22377D3890092DDF9 /* UITableView+FDTemplateLayoutCell.m in Sources */ = {isa = PBXBuildFile; fileRef = 76DFBECD2377D3890092DDF9 /* UITableView+FDTemplateLayoutCell.m */; };
		76DFBED32377D3890092DDF9 /* UITableView+FDKeyedHeightCache.m in Sources */ = {isa = PBXBuildFile; fileRef = 76DFBECF2377D3890092DDF9 /* UITableView+FDKeyedHeightCache.m */; };
/* End PBXBuildFile section */

/* Begin PBXContainerItemProxy section */
		76DFBE872377D32E0092DDF9 /* PBXContainerItemProxy */ = {
			isa = PBXContainerItemProxy;
			containerPortal = 76DFBE662377D32D0092DDF9 /* Project object */;
			proxyType = 1;
			remoteGlobalIDString = 76DFBE6D2377D32D0092DDF9;
			remoteInfo = ThridCodeReadDemo;
		};
		76DFBE922377D32E0092DDF9 /* PBXContainerItemProxy */ = {
			isa = PBXContainerItemProxy;
			containerPortal = 76DFBE662377D32D0092DDF9 /* Project object */;
			proxyType = 1;
			remoteGlobalIDString = 76DFBE6D2377D32D0092DDF9;
			remoteInfo = ThridCodeReadDemo;
		};
/* End PBXContainerItemProxy section */

/* Begin PBXFileReference section */
		76088679239B89E100683955 /* WPRootViewController.json */ = {isa = PBXFileReference; fileEncoding = 4; lastKnownFileType = text.json; path = WPRootViewController.json; sourceTree = "<group>"; };
		7608867C239B8A3A00683955 /* BaseSectionCell.m */ = {isa = PBXFileReference; fileEncoding = 4; lastKnownFileType = sourcecode.c.objc; path = BaseSectionCell.m; sourceTree = "<group>"; };
		7608867D239B8A3A00683955 /* WPTableViewPlaceHolderView.m */ = {isa = PBXFileReference; fileEncoding = 4; lastKnownFileType = sourcecode.c.objc; path = WPTableViewPlaceHolderView.m; sourceTree = "<group>"; };
		7608867E239B8A3A00683955 /* WPBaseHeaderFooterView.m */ = {isa = PBXFileReference; fileEncoding = 4; lastKnownFileType = sourcecode.c.objc; path = WPBaseHeaderFooterView.m; sourceTree = "<group>"; };
		7608867F239B8A3A00683955 /* BaseSectionModel.m */ = {isa = PBXFileReference; fileEncoding = 4; lastKnownFileType = sourcecode.c.objc; path = BaseSectionModel.m; sourceTree = "<group>"; };
		76088680239B8A3A00683955 /* BaseSectionTableViewViewController.m */ = {isa = PBXFileReference; fileEncoding = 4; lastKnownFileType = sourcecode.c.objc; path = BaseSectionTableViewViewController.m; sourceTree = "<group>"; };
		76088681239B8A3A00683955 /* WPBaseHeaderFooterView.h */ = {isa = PBXFileReference; fileEncoding = 4; lastKnownFileType = sourcecode.c.h; path = WPBaseHeaderFooterView.h; sourceTree = "<group>"; };
		76088682239B8A3A00683955 /* BaseSectionTableViewViewController.h */ = {isa = PBXFileReference; fileEncoding = 4; lastKnownFileType = sourcecode.c.h; path = BaseSectionTableViewViewController.h; sourceTree = "<group>"; };
		76088683239B8A3A00683955 /* WPTableViewPlaceHolderView.h */ = {isa = PBXFileReference; fileEncoding = 4; lastKnownFileType = sourcecode.c.h; path = WPTableViewPlaceHolderView.h; sourceTree = "<group>"; };
		76088684239B8A3A00683955 /* BaseSectionCell.h */ = {isa = PBXFileReference; fileEncoding = 4; lastKnownFileType = sourcecode.c.h; path = BaseSectionCell.h; sourceTree = "<group>"; };
		76088685239B8A3A00683955 /* BaseSectionModel.h */ = {isa = PBXFileReference; fileEncoding = 4; lastKnownFileType = sourcecode.c.h; path = BaseSectionModel.h; sourceTree = "<group>"; };
		7608868C239B8A6B00683955 /* UITableView+Placeholder.h */ = {isa = PBXFileReference; fileEncoding = 4; lastKnownFileType = sourcecode.c.h; path = "UITableView+Placeholder.h"; sourceTree = "<group>"; };
		7608868D239B8A6B00683955 /* UITableView+Placeholder.m */ = {isa = PBXFileReference; fileEncoding = 4; lastKnownFileType = sourcecode.c.objc; path = "UITableView+Placeholder.m"; sourceTree = "<group>"; };
		7608868E239B8A6B00683955 /* UIImageView+WPLoadBundleImage.m */ = {isa = PBXFileReference; fileEncoding = 4; lastKnownFileType = sourcecode.c.objc; path = "UIImageView+WPLoadBundleImage.m"; sourceTree = "<group>"; };
		7608868F239B8A6B00683955 /* NSObject+Swizzle.m */ = {isa = PBXFileReference; fileEncoding = 4; lastKnownFileType = sourcecode.c.objc; path = "NSObject+Swizzle.m"; sourceTree = "<group>"; };
		76088690239B8A6B00683955 /* NSObject+AddParams.h */ = {isa = PBXFileReference; fileEncoding = 4; lastKnownFileType = sourcecode.c.h; path = "NSObject+AddParams.h"; sourceTree = "<group>"; };
		76088691239B8A6B00683955 /* UITableViewCell+BaseCategory.m */ = {isa = PBXFileReference; fileEncoding = 4; lastKnownFileType = sourcecode.c.objc; path = "UITableViewCell+BaseCategory.m"; sourceTree = "<group>"; };
		76088692239B8A6B00683955 /* NSObject+Swizzle.h */ = {isa = PBXFileReference; fileEncoding = 4; lastKnownFileType = sourcecode.c.h; path = "NSObject+Swizzle.h"; sourceTree = "<group>"; };
		76088693239B8A6B00683955 /* NSObject+AddParams.m */ = {isa = PBXFileReference; fileEncoding = 4; lastKnownFileType = sourcecode.c.objc; path = "NSObject+AddParams.m"; sourceTree = "<group>"; };
		76088694239B8A6B00683955 /* UIView+Masonry.h */ = {isa = PBXFileReference; fileEncoding = 4; lastKnownFileType = sourcecode.c.h; path = "UIView+Masonry.h"; sourceTree = "<group>"; };
		76088695239B8A6B00683955 /* UIView+Masonry.m */ = {isa = PBXFileReference; fileEncoding = 4; lastKnownFileType = sourcecode.c.objc; path = "UIView+Masonry.m"; sourceTree = "<group>"; };
		76088696239B8A6C00683955 /* UIImageView+WPLoadBundleImage.h */ = {isa = PBXFileReference; fileEncoding = 4; lastKnownFileType = sourcecode.c.h; path = "UIImageView+WPLoadBundleImage.h"; sourceTree = "<group>"; };
		76088697239B8A6C00683955 /* NSObject+Json.m */ = {isa = PBXFileReference; fileEncoding = 4; lastKnownFileType = sourcecode.c.objc; path = "NSObject+Json.m"; sourceTree = "<group>"; };
		76088698239B8A6C00683955 /* UITableViewCell+BaseCategory.h */ = {isa = PBXFileReference; fileEncoding = 4; lastKnownFileType = sourcecode.c.h; path = "UITableViewCell+BaseCategory.h"; sourceTree = "<group>"; };
		76088699239B8A6C00683955 /* UITableViewHeaderFooterView+WPBaseCategory.h */ = {isa = PBXFileReference; fileEncoding = 4; lastKnownFileType = sourcecode.c.h; path = "UITableViewHeaderFooterView+WPBaseCategory.h"; sourceTree = "<group>"; };
		7608869A239B8A6C00683955 /* UITableViewHeaderFooterView+WPBaseCategory.m */ = {isa = PBXFileReference; fileEncoding = 4; lastKnownFileType = sourcecode.c.objc; path = "UITableViewHeaderFooterView+WPBaseCategory.m"; sourceTree = "<group>"; };
		7608869B239B8A6C00683955 /* NSObject+Json.h */ = {isa = PBXFileReference; fileEncoding = 4; lastKnownFileType = sourcecode.c.h; path = "NSObject+Json.h"; sourceTree = "<group>"; };
		7608869C239B8A6C00683955 /* NSString+MD5Encrypt.h */ = {isa = PBXFileReference; fileEncoding = 4; lastKnownFileType = sourcecode.c.h; path = "NSString+MD5Encrypt.h"; sourceTree = "<group>"; };
		7608869D239B8A6C00683955 /* NSString+MD5Encrypt.m */ = {isa = PBXFileReference; fileEncoding = 4; lastKnownFileType = sourcecode.c.objc; path = "NSString+MD5Encrypt.m"; sourceTree = "<group>"; };
		760886A8239B8A8F00683955 /* WPBaseHeader.h */ = {isa = PBXFileReference; lastKnownFileType = sourcecode.c.h; path = WPBaseHeader.h; sourceTree = "<group>"; };
		760886A9239B8A8F00683955 /* WPCommonMacros.h */ = {isa = PBXFileReference; lastKnownFileType = sourcecode.c.h; path = WPCommonMacros.h; sourceTree = "<group>"; };
		760886AE239B8C2A00683955 /* ParseVCJsonAPI.m */ = {isa = PBXFileReference; fileEncoding = 4; lastKnownFileType = sourcecode.c.objc; path = ParseVCJsonAPI.m; sourceTree = "<group>"; };
		760886AF239B8C2A00683955 /* ParseVCJsonAPI.h */ = {isa = PBXFileReference; fileEncoding = 4; lastKnownFileType = sourcecode.c.h; path = ParseVCJsonAPI.h; sourceTree = "<group>"; };
		760886BB239B8DC600683955 /* UIImage+MultiFormat.m */ = {isa = PBXFileReference; fileEncoding = 4; lastKnownFileType = sourcecode.c.objc; path = "UIImage+MultiFormat.m"; sourceTree = "<group>"; };
		760886BC239B8DC600683955 /* SDImageCache.h */ = {isa = PBXFileReference; fileEncoding = 4; lastKnownFileType = sourcecode.c.h; path = SDImageCache.h; sourceTree = "<group>"; };
		760886BD239B8DC600683955 /* UIView+WebCacheOperation.h */ = {isa = PBXFileReference; fileEncoding = 4; lastKnownFileType = sourcecode.c.h; path = "UIView+WebCacheOperation.h"; sourceTree = "<group>"; };
		760886BE239B8DC600683955 /* SDWebImageDecoder.m */ = {isa = PBXFileReference; fileEncoding = 4; lastKnownFileType = sourcecode.c.objc; path = SDWebImageDecoder.m; sourceTree = "<group>"; };
		760886BF239B8DC600683955 /* UIImageView+HighlightedWebCache.m */ = {isa = PBXFileReference; fileEncoding = 4; lastKnownFileType = sourcecode.c.objc; path = "UIImageView+HighlightedWebCache.m"; sourceTree = "<group>"; };
		760886C0239B8DC600683955 /* SDWebImageManager.m */ = {isa = PBXFileReference; fileEncoding = 4; lastKnownFileType = sourcecode.c.objc; path = SDWebImageManager.m; sourceTree = "<group>"; };
		760886C1239B8DC600683955 /* SDWebImageDownloader.m */ = {isa = PBXFileReference; fileEncoding = 4; lastKnownFileType = sourcecode.c.objc; path = SDWebImageDownloader.m; sourceTree = "<group>"; };
		760886C2239B8DC600683955 /* NSData+ImageContentType.h */ = {isa = PBXFileReference; fileEncoding = 4; lastKnownFileType = sourcecode.c.h; path = "NSData+ImageContentType.h"; sourceTree = "<group>"; };
		760886C3239B8DC600683955 /* SDImageCache.m */ = {isa = PBXFileReference; fileEncoding = 4; lastKnownFileType = sourcecode.c.objc; path = SDImageCache.m; sourceTree = "<group>"; };
		760886C4239B8DC600683955 /* UIButton+WebCache.h */ = {isa = PBXFileReference; fileEncoding = 4; lastKnownFileType = sourcecode.c.h; path = "UIButton+WebCache.h"; sourceTree = "<group>"; };
		760886C5239B8DC600683955 /* SDWebImagePrefetcher.m */ = {isa = PBXFileReference; fileEncoding = 4; lastKnownFileType = sourcecode.c.objc; path = SDWebImagePrefetcher.m; sourceTree = "<group>"; };
		760886C6239B8DC600683955 /* SDWebImageDownloaderOperation.m */ = {isa = PBXFileReference; fileEncoding = 4; lastKnownFileType = sourcecode.c.objc; path = SDWebImageDownloaderOperation.m; sourceTree = "<group>"; };
		760886C7239B8DC700683955 /* NSData+ImageContentType.m */ = {isa = PBXFileReference; fileEncoding = 4; lastKnownFileType = sourcecode.c.objc; path = "NSData+ImageContentType.m"; sourceTree = "<group>"; };
		760886C8239B8DC700683955 /* UIView+WebCacheOperation.m */ = {isa = PBXFileReference; fileEncoding = 4; lastKnownFileType = sourcecode.c.objc; path = "UIView+WebCacheOperation.m"; sourceTree = "<group>"; };
		760886C9239B8DC700683955 /* UIButton+WebCache.m */ = {isa = PBXFileReference; fileEncoding = 4; lastKnownFileType = sourcecode.c.objc; path = "UIButton+WebCache.m"; sourceTree = "<group>"; };
		760886CA239B8DC700683955 /* UIImage+MultiFormat.h */ = {isa = PBXFileReference; fileEncoding = 4; lastKnownFileType = sourcecode.c.h; path = "UIImage+MultiFormat.h"; sourceTree = "<group>"; };
		760886CB239B8DC700683955 /* UIImageView+HighlightedWebCache.h */ = {isa = PBXFileReference; fileEncoding = 4; lastKnownFileType = sourcecode.c.h; path = "UIImageView+HighlightedWebCache.h"; sourceTree = "<group>"; };
		760886CC239B8DC700683955 /* SDWebImageDecoder.h */ = {isa = PBXFileReference; fileEncoding = 4; lastKnownFileType = sourcecode.c.h; path = SDWebImageDecoder.h; sourceTree = "<group>"; };
		760886CD239B8DC700683955 /* UIImage+GIF.h */ = {isa = PBXFileReference; fileEncoding = 4; lastKnownFileType = sourcecode.c.h; path = "UIImage+GIF.h"; sourceTree = "<group>"; };
		760886CE239B8DC700683955 /* UIImageView+WebCache.h */ = {isa = PBXFileReference; fileEncoding = 4; lastKnownFileType = sourcecode.c.h; path = "UIImageView+WebCache.h"; sourceTree = "<group>"; };
		760886CF239B8DC700683955 /* UIImageView+WebCache.m */ = {isa = PBXFileReference; fileEncoding = 4; lastKnownFileType = sourcecode.c.objc; path = "UIImageView+WebCache.m"; sourceTree = "<group>"; };
		760886D0239B8DC700683955 /* SDWebImageCompat.h */ = {isa = PBXFileReference; fileEncoding = 4; lastKnownFileType = sourcecode.c.h; path = SDWebImageCompat.h; sourceTree = "<group>"; };
		760886D1239B8DC700683955 /* SDWebImageManager.h */ = {isa = PBXFileReference; fileEncoding = 4; lastKnownFileType = sourcecode.c.h; path = SDWebImageManager.h; sourceTree = "<group>"; };
		760886D2239B8DC700683955 /* SDWebImageCompat.m */ = {isa = PBXFileReference; fileEncoding = 4; lastKnownFileType = sourcecode.c.objc; path = SDWebImageCompat.m; sourceTree = "<group>"; };
		760886D3239B8DC700683955 /* SDWebImageOperation.h */ = {isa = PBXFileReference; fileEncoding = 4; lastKnownFileType = sourcecode.c.h; path = SDWebImageOperation.h; sourceTree = "<group>"; };
		760886D4239B8DC700683955 /* SDWebImageDownloaderOperation.h */ = {isa = PBXFileReference; fileEncoding = 4; lastKnownFileType = sourcecode.c.h; path = SDWebImageDownloaderOperation.h; sourceTree = "<group>"; };
		760886D5239B8DC800683955 /* UIImage+GIF.m */ = {isa = PBXFileReference; fileEncoding = 4; lastKnownFileType = sourcecode.c.objc; path = "UIImage+GIF.m"; sourceTree = "<group>"; };
		760886D6239B8DC800683955 /* SDWebImagePrefetcher.h */ = {isa = PBXFileReference; fileEncoding = 4; lastKnownFileType = sourcecode.c.h; path = SDWebImagePrefetcher.h; sourceTree = "<group>"; };
		760886D7239B8DC800683955 /* SDWebImageDownloader.h */ = {isa = PBXFileReference; fileEncoding = 4; lastKnownFileType = sourcecode.c.h; path = SDWebImageDownloader.h; sourceTree = "<group>"; };
		760886E6239B8E2E00683955 /* CMPhotoBrowserAnimator.m */ = {isa = PBXFileReference; fileEncoding = 4; lastKnownFileType = sourcecode.c.objc; path = CMPhotoBrowserAnimator.m; sourceTree = "<group>"; };
		760886E7239B8E2E00683955 /* CMPhotoBrowserAnimator.h */ = {isa = PBXFileReference; fileEncoding = 4; lastKnownFileType = sourcecode.c.h; path = CMPhotoBrowserAnimator.h; sourceTree = "<group>"; };
		760886E8239B8E2E00683955 /* CMCircleLoadingLayer.h */ = {isa = PBXFileReference; fileEncoding = 4; lastKnownFileType = sourcecode.c.h; path = CMCircleLoadingLayer.h; sourceTree = "<group>"; };
		760886E9239B8E2E00683955 /* CMPhotoBrowserScrollView.h */ = {isa = PBXFileReference; fileEncoding = 4; lastKnownFileType = sourcecode.c.h; path = CMPhotoBrowserScrollView.h; sourceTree = "<group>"; };
		760886EA239B8E2E00683955 /* CMPhotoBrowserViewController.h */ = {isa = PBXFileReference; fileEncoding = 4; lastKnownFileType = sourcecode.c.h; path = CMPhotoBrowserViewController.h; sourceTree = "<group>"; };
		760886EB239B8E2F00683955 /* CMPhotoBrowserViewController.m */ = {isa = PBXFileReference; fileEncoding = 4; lastKnownFileType = sourcecode.c.objc; path = CMPhotoBrowserViewController.m; sourceTree = "<group>"; };
		760886EC239B8E2F00683955 /* CMCircleLoadingLayer.m */ = {isa = PBXFileReference; fileEncoding = 4; lastKnownFileType = sourcecode.c.objc; path = CMCircleLoadingLayer.m; sourceTree = "<group>"; };
		760886ED239B8E2F00683955 /* CMPhotoBrowserScrollView.m */ = {isa = PBXFileReference; fileEncoding = 4; lastKnownFileType = sourcecode.c.objc; path = CMPhotoBrowserScrollView.m; sourceTree = "<group>"; };
		760886FB239B8FA100683955 /* MJRefresh.h */ = {isa = PBXFileReference; fileEncoding = 4; lastKnownFileType = sourcecode.c.h; path = MJRefresh.h; sourceTree = "<group>"; };
		760886FC239B8FA100683955 /* MJRefreshAutoFooter.m */ = {isa = PBXFileReference; fileEncoding = 4; lastKnownFileType = sourcecode.c.objc; path = MJRefreshAutoFooter.m; sourceTree = "<group>"; };
		760886FD239B8FA100683955 /* UIView+MJExtension.h */ = {isa = PBXFileReference; fileEncoding = 4; lastKnownFileType = sourcecode.c.h; path = "UIView+MJExtension.h"; sourceTree = "<group>"; };
		760886FE239B8FA100683955 /* MJRefreshAutoStateFooter.m */ = {isa = PBXFileReference; fileEncoding = 4; lastKnownFileType = sourcecode.c.objc; path = MJRefreshAutoStateFooter.m; sourceTree = "<group>"; };
		760886FF239B8FA100683955 /* MJRefreshGifHeader.m */ = {isa = PBXFileReference; fileEncoding = 4; lastKnownFileType = sourcecode.c.objc; path = MJRefreshGifHeader.m; sourceTree = "<group>"; };
		76088700239B8FA100683955 /* MJRefreshBackFooter.h */ = {isa = PBXFileReference; fileEncoding = 4; lastKnownFileType = sourcecode.c.h; path = MJRefreshBackFooter.h; sourceTree = "<group>"; };
		76088701239B8FA100683955 /* MJRefreshHeader.m */ = {isa = PBXFileReference; fileEncoding = 4; lastKnownFileType = sourcecode.c.objc; path = MJRefreshHeader.m; sourceTree = "<group>"; };
		76088702239B8FA100683955 /* NSBundle+MJRefresh.m */ = {isa = PBXFileReference; fileEncoding = 4; lastKnownFileType = sourcecode.c.objc; path = "NSBundle+MJRefresh.m"; sourceTree = "<group>"; };
		76088703239B8FA100683955 /* MJRefreshAutoStateFooter.h */ = {isa = PBXFileReference; fileEncoding = 4; lastKnownFileType = sourcecode.c.h; path = MJRefreshAutoStateFooter.h; sourceTree = "<group>"; };
		76088704239B8FA100683955 /* MJRefreshBackNormalFooter.h */ = {isa = PBXFileReference; fileEncoding = 4; lastKnownFileType = sourcecode.c.h; path = MJRefreshBackNormalFooter.h; sourceTree = "<group>"; };
		76088705239B8FA100683955 /* MJRefreshStateHeader.h */ = {isa = PBXFileReference; fileEncoding = 4; lastKnownFileType = sourcecode.c.h; path = MJRefreshStateHeader.h; sourceTree = "<group>"; };
		76088706239B8FA100683955 /* UIScrollView+MJExtension.h */ = {isa = PBXFileReference; fileEncoding = 4; lastKnownFileType = sourcecode.c.h; path = "UIScrollView+MJExtension.h"; sourceTree = "<group>"; };
		76088707239B8FA100683955 /* MJRefreshBackStateFooter.m */ = {isa = PBXFileReference; fileEncoding = 4; lastKnownFileType = sourcecode.c.objc; path = MJRefreshBackStateFooter.m; sourceTree = "<group>"; };
		76088708239B8FA200683955 /* UIScrollView+MJRefresh.m */ = {isa = PBXFileReference; fileEncoding = 4; lastKnownFileType = sourcecode.c.objc; path = "UIScrollView+MJRefresh.m"; sourceTree = "<group>"; };
		76088709239B8FA200683955 /* MJRefreshAutoNormalFooter.h */ = {isa = PBXFileReference; fileEncoding = 4; lastKnownFileType = sourcecode.c.h; path = MJRefreshAutoNormalFooter.h; sourceTree = "<group>"; };
		7608870A239B8FA200683955 /* MJRefreshFooter.m */ = {isa = PBXFileReference; fileEncoding = 4; lastKnownFileType = sourcecode.c.objc; path = MJRefreshFooter.m; sourceTree = "<group>"; };
		7608870B239B8FA200683955 /* UIScrollView+MJExtension.m */ = {isa = PBXFileReference; fileEncoding = 4; lastKnownFileType = sourcecode.c.objc; path = "UIScrollView+MJExtension.m"; sourceTree = "<group>"; };
		7608870C239B8FA200683955 /* MJRefreshGifHeader.h */ = {isa = PBXFileReference; fileEncoding = 4; lastKnownFileType = sourcecode.c.h; path = MJRefreshGifHeader.h; sourceTree = "<group>"; };
		7608870D239B8FA200683955 /* MJRefreshStateHeader.m */ = {isa = PBXFileReference; fileEncoding = 4; lastKnownFileType = sourcecode.c.objc; path = MJRefreshStateHeader.m; sourceTree = "<group>"; };
		7608870E239B8FA200683955 /* MJRefreshNormalHeader.h */ = {isa = PBXFileReference; fileEncoding = 4; lastKnownFileType = sourcecode.c.h; path = MJRefreshNormalHeader.h; sourceTree = "<group>"; };
		7608870F239B8FA200683955 /* UIView+MJExtension.m */ = {isa = PBXFileReference; fileEncoding = 4; lastKnownFileType = sourcecode.c.objc; path = "UIView+MJExtension.m"; sourceTree = "<group>"; };
		76088710239B8FA200683955 /* MJRefreshBackFooter.m */ = {isa = PBXFileReference; fileEncoding = 4; lastKnownFileType = sourcecode.c.objc; path = MJRefreshBackFooter.m; sourceTree = "<group>"; };
		76088711239B8FA200683955 /* MJRefreshAutoGifFooter.m */ = {isa = PBXFileReference; fileEncoding = 4; lastKnownFileType = sourcecode.c.objc; path = MJRefreshAutoGifFooter.m; sourceTree = "<group>"; };
		76088712239B8FA200683955 /* MJRefreshAutoGifFooter.h */ = {isa = PBXFileReference; fileEncoding = 4; lastKnownFileType = sourcecode.c.h; path = MJRefreshAutoGifFooter.h; sourceTree = "<group>"; };
		76088713239B8FA200683955 /* MJRefreshComponent.m */ = {isa = PBXFileReference; fileEncoding = 4; lastKnownFileType = sourcecode.c.objc; path = MJRefreshComponent.m; sourceTree = "<group>"; };
		76088714239B8FA200683955 /* MJRefreshComponent.h */ = {isa = PBXFileReference; fileEncoding = 4; lastKnownFileType = sourcecode.c.h; path = MJRefreshComponent.h; sourceTree = "<group>"; };
		76088715239B8FA200683955 /* MJRefreshBackStateFooter.h */ = {isa = PBXFileReference; fileEncoding = 4; lastKnownFileType = sourcecode.c.h; path = MJRefreshBackStateFooter.h; sourceTree = "<group>"; };
		76088716239B8FA300683955 /* MJRefreshConst.h */ = {isa = PBXFileReference; fileEncoding = 4; lastKnownFileType = sourcecode.c.h; path = MJRefreshConst.h; sourceTree = "<group>"; };
		76088717239B8FA300683955 /* MJRefreshHeader.h */ = {isa = PBXFileReference; fileEncoding = 4; lastKnownFileType = sourcecode.c.h; path = MJRefreshHeader.h; sourceTree = "<group>"; };
		76088718239B8FA300683955 /* MJRefreshAutoFooter.h */ = {isa = PBXFileReference; fileEncoding = 4; lastKnownFileType = sourcecode.c.h; path = MJRefreshAutoFooter.h; sourceTree = "<group>"; };
		76088719239B8FA300683955 /* MJRefreshBackNormalFooter.m */ = {isa = PBXFileReference; fileEncoding = 4; lastKnownFileType = sourcecode.c.objc; path = MJRefreshBackNormalFooter.m; sourceTree = "<group>"; };
		7608871A239B8FA300683955 /* NSBundle+MJRefresh.h */ = {isa = PBXFileReference; fileEncoding = 4; lastKnownFileType = sourcecode.c.h; path = "NSBundle+MJRefresh.h"; sourceTree = "<group>"; };
		7608871B239B8FA300683955 /* UIScrollView+MJRefresh.h */ = {isa = PBXFileReference; fileEncoding = 4; lastKnownFileType = sourcecode.c.h; path = "UIScrollView+MJRefresh.h"; sourceTree = "<group>"; };
		7608871C239B8FA300683955 /* MJRefreshFooter.h */ = {isa = PBXFileReference; fileEncoding = 4; lastKnownFileType = sourcecode.c.h; path = MJRefreshFooter.h; sourceTree = "<group>"; };
		7608871D239B8FA300683955 /* MJRefreshConst.m */ = {isa = PBXFileReference; fileEncoding = 4; lastKnownFileType = sourcecode.c.objc; path = MJRefreshConst.m; sourceTree = "<group>"; };
		7608871E239B8FA300683955 /* MJRefreshBackGifFooter.m */ = {isa = PBXFileReference; fileEncoding = 4; lastKnownFileType = sourcecode.c.objc; path = MJRefreshBackGifFooter.m; sourceTree = "<group>"; };
		7608871F239B8FA300683955 /* MJRefreshBackGifFooter.h */ = {isa = PBXFileReference; fileEncoding = 4; lastKnownFileType = sourcecode.c.h; path = MJRefreshBackGifFooter.h; sourceTree = "<group>"; };
		76088720239B8FA300683955 /* MJRefreshAutoNormalFooter.m */ = {isa = PBXFileReference; fileEncoding = 4; lastKnownFileType = sourcecode.c.objc; path = MJRefreshAutoNormalFooter.m; sourceTree = "<group>"; };
		76088721239B8FA300683955 /* MJRefreshNormalHeader.m */ = {isa = PBXFileReference; fileEncoding = 4; lastKnownFileType = sourcecode.c.objc; path = MJRefreshNormalHeader.m; sourceTree = "<group>"; };
		76088736239B8FB500683955 /* MJRefresh.bundle */ = {isa = PBXFileReference; lastKnownFileType = "wrapper.plug-in"; path = MJRefresh.bundle; sourceTree = "<group>"; };
		76088739239B910F00683955 /* WPMasonryCodeReadViewController.h */ = {isa = PBXFileReference; lastKnownFileType = sourcecode.c.h; path = WPMasonryCodeReadViewController.h; sourceTree = "<group>"; };
		7608873A239B910F00683955 /* WPMasonryCodeReadViewController.m */ = {isa = PBXFileReference; lastKnownFileType = sourcecode.c.objc; path = WPMasonryCodeReadViewController.m; sourceTree = "<group>"; };
		76102DE123992F4A0094230D /* YYDiskCache.h */ = {isa = PBXFileReference; fileEncoding = 4; lastKnownFileType = sourcecode.c.h; path = YYDiskCache.h; sourceTree = "<group>"; };
		76102DE223992F4A0094230D /* YYMemoryCache.m */ = {isa = PBXFileReference; fileEncoding = 4; lastKnownFileType = sourcecode.c.objc; path = YYMemoryCache.m; sourceTree = "<group>"; };
		76102DE323992F4A0094230D /* YYCache.m */ = {isa = PBXFileReference; fileEncoding = 4; lastKnownFileType = sourcecode.c.objc; path = YYCache.m; sourceTree = "<group>"; };
		76102DE423992F4A0094230D /* YYMemoryCache.h */ = {isa = PBXFileReference; fileEncoding = 4; lastKnownFileType = sourcecode.c.h; path = YYMemoryCache.h; sourceTree = "<group>"; };
		76102DE523992F4A0094230D /* YYKVStorage.m */ = {isa = PBXFileReference; fileEncoding = 4; lastKnownFileType = sourcecode.c.objc; path = YYKVStorage.m; sourceTree = "<group>"; };
		76102DE623992F4A0094230D /* YYKVStorage.h */ = {isa = PBXFileReference; fileEncoding = 4; lastKnownFileType = sourcecode.c.h; path = YYKVStorage.h; sourceTree = "<group>"; };
		76102DE723992F4A0094230D /* YYDiskCache.m */ = {isa = PBXFileReference; fileEncoding = 4; lastKnownFileType = sourcecode.c.objc; path = YYDiskCache.m; sourceTree = "<group>"; };
		76102DE823992F4A0094230D /* YYCache.h */ = {isa = PBXFileReference; fileEncoding = 4; lastKnownFileType = sourcecode.c.h; path = YYCache.h; sourceTree = "<group>"; };
		76127A04239B851600D9E030 /* AFNetworking.h */ = {isa = PBXFileReference; fileEncoding = 4; lastKnownFileType = sourcecode.c.h; path = AFNetworking.h; sourceTree = "<group>"; };
		76127A42239B857000D9E030 /* AFURLResponseSerialization.h */ = {isa = PBXFileReference; fileEncoding = 4; lastKnownFileType = sourcecode.c.h; path = AFURLResponseSerialization.h; sourceTree = "<group>"; };
		76127A43239B857000D9E030 /* AFURLSessionManager.h */ = {isa = PBXFileReference; fileEncoding = 4; lastKnownFileType = sourcecode.c.h; path = AFURLSessionManager.h; sourceTree = "<group>"; };
		76127A44239B857000D9E030 /* AFSecurityPolicy.m */ = {isa = PBXFileReference; fileEncoding = 4; lastKnownFileType = sourcecode.c.objc; path = AFSecurityPolicy.m; sourceTree = "<group>"; };
		76127A45239B857000D9E030 /* AFNetworking.h */ = {isa = PBXFileReference; fileEncoding = 4; lastKnownFileType = sourcecode.c.h; path = AFNetworking.h; sourceTree = "<group>"; };
		76127A46239B857000D9E030 /* AFURLRequestSerialization.m */ = {isa = PBXFileReference; fileEncoding = 4; lastKnownFileType = sourcecode.c.objc; path = AFURLRequestSerialization.m; sourceTree = "<group>"; };
		76127A47239B857000D9E030 /* AFHTTPSessionManager.m */ = {isa = PBXFileReference; fileEncoding = 4; lastKnownFileType = sourcecode.c.objc; path = AFHTTPSessionManager.m; sourceTree = "<group>"; };
		76127A48239B857000D9E030 /* AFURLRequestSerialization.h */ = {isa = PBXFileReference; fileEncoding = 4; lastKnownFileType = sourcecode.c.h; path = AFURLRequestSerialization.h; sourceTree = "<group>"; };
		76127A49239B857000D9E030 /* AFHTTPSessionManager.h */ = {isa = PBXFileReference; fileEncoding = 4; lastKnownFileType = sourcecode.c.h; path = AFHTTPSessionManager.h; sourceTree = "<group>"; };
		76127A4A239B857100D9E030 /* AFNetworkReachabilityManager.m */ = {isa = PBXFileReference; fileEncoding = 4; lastKnownFileType = sourcecode.c.objc; path = AFNetworkReachabilityManager.m; sourceTree = "<group>"; };
		76127A4B239B857100D9E030 /* AFSecurityPolicy.h */ = {isa = PBXFileReference; fileEncoding = 4; lastKnownFileType = sourcecode.c.h; path = AFSecurityPolicy.h; sourceTree = "<group>"; };
		76127A4C239B857100D9E030 /* AFNetworkReachabilityManager.h */ = {isa = PBXFileReference; fileEncoding = 4; lastKnownFileType = sourcecode.c.h; path = AFNetworkReachabilityManager.h; sourceTree = "<group>"; };
		76127A4D239B857100D9E030 /* AFURLSessionManager.m */ = {isa = PBXFileReference; fileEncoding = 4; lastKnownFileType = sourcecode.c.objc; path = AFURLSessionManager.m; sourceTree = "<group>"; };
		76127A4E239B857100D9E030 /* AFURLResponseSerialization.m */ = {isa = PBXFileReference; fileEncoding = 4; lastKnownFileType = sourcecode.c.objc; path = AFURLResponseSerialization.m; sourceTree = "<group>"; };
		76127A55239B858100D9E030 /* UIActivityIndicatorView+AFNetworking.h */ = {isa = PBXFileReference; fileEncoding = 4; lastKnownFileType = sourcecode.c.h; path = "UIActivityIndicatorView+AFNetworking.h"; sourceTree = "<group>"; };
		76127A56239B858100D9E030 /* UIImage+AFNetworking.h */ = {isa = PBXFileReference; fileEncoding = 4; lastKnownFileType = sourcecode.c.h; path = "UIImage+AFNetworking.h"; sourceTree = "<group>"; };
		76127A57239B858100D9E030 /* UIWebView+AFNetworking.h */ = {isa = PBXFileReference; fileEncoding = 4; lastKnownFileType = sourcecode.c.h; path = "UIWebView+AFNetworking.h"; sourceTree = "<group>"; };
		76127A58239B858100D9E030 /* UIImageView+AFNetworking.m */ = {isa = PBXFileReference; fileEncoding = 4; lastKnownFileType = sourcecode.c.objc; path = "UIImageView+AFNetworking.m"; sourceTree = "<group>"; };
		76127A59239B858100D9E030 /* AFNetworkActivityIndicatorManager.m */ = {isa = PBXFileReference; fileEncoding = 4; lastKnownFileType = sourcecode.c.objc; path = AFNetworkActivityIndicatorManager.m; sourceTree = "<group>"; };
		76127A5A239B858100D9E030 /* AFImageDownloader.m */ = {isa = PBXFileReference; fileEncoding = 4; lastKnownFileType = sourcecode.c.objc; path = AFImageDownloader.m; sourceTree = "<group>"; };
		76127A5B239B858100D9E030 /* AFImageDownloader.h */ = {isa = PBXFileReference; fileEncoding = 4; lastKnownFileType = sourcecode.c.h; path = AFImageDownloader.h; sourceTree = "<group>"; };
		76127A5C239B858100D9E030 /* UIButton+AFNetworking.h */ = {isa = PBXFileReference; fileEncoding = 4; lastKnownFileType = sourcecode.c.h; path = "UIButton+AFNetworking.h"; sourceTree = "<group>"; };
		76127A5D239B858100D9E030 /* UIButton+AFNetworking.m */ = {isa = PBXFileReference; fileEncoding = 4; lastKnownFileType = sourcecode.c.objc; path = "UIButton+AFNetworking.m"; sourceTree = "<group>"; };
		76127A5E239B858100D9E030 /* UIKit+AFNetworking.h */ = {isa = PBXFileReference; fileEncoding = 4; lastKnownFileType = sourcecode.c.h; path = "UIKit+AFNetworking.h"; sourceTree = "<group>"; };
		76127A5F239B858100D9E030 /* UIProgressView+AFNetworking.m */ = {isa = PBXFileReference; fileEncoding = 4; lastKnownFileType = sourcecode.c.objc; path = "UIProgressView+AFNetworking.m"; sourceTree = "<group>"; };
		76127A60239B858100D9E030 /* UIActivityIndicatorView+AFNetworking.m */ = {isa = PBXFileReference; fileEncoding = 4; lastKnownFileType = sourcecode.c.objc; path = "UIActivityIndicatorView+AFNetworking.m"; sourceTree = "<group>"; };
		76127A61239B858100D9E030 /* UIProgressView+AFNetworking.h */ = {isa = PBXFileReference; fileEncoding = 4; lastKnownFileType = sourcecode.c.h; path = "UIProgressView+AFNetworking.h"; sourceTree = "<group>"; };
		76127A62239B858100D9E030 /* AFAutoPurgingImageCache.m */ = {isa = PBXFileReference; fileEncoding = 4; lastKnownFileType = sourcecode.c.objc; path = AFAutoPurgingImageCache.m; sourceTree = "<group>"; };
		76127A63239B858100D9E030 /* UIRefreshControl+AFNetworking.h */ = {isa = PBXFileReference; fileEncoding = 4; lastKnownFileType = sourcecode.c.h; path = "UIRefreshControl+AFNetworking.h"; sourceTree = "<group>"; };
		76127A64239B858100D9E030 /* AFNetworkActivityIndicatorManager.h */ = {isa = PBXFileReference; fileEncoding = 4; lastKnownFileType = sourcecode.c.h; path = AFNetworkActivityIndicatorManager.h; sourceTree = "<group>"; };
		76127A65239B858100D9E030 /* AFAutoPurgingImageCache.h */ = {isa = PBXFileReference; fileEncoding = 4; lastKnownFileType = sourcecode.c.h; path = AFAutoPurgingImageCache.h; sourceTree = "<group>"; };
		76127A66239B858200D9E030 /* UIRefreshControl+AFNetworking.m */ = {isa = PBXFileReference; fileEncoding = 4; lastKnownFileType = sourcecode.c.objc; path = "UIRefreshControl+AFNetworking.m"; sourceTree = "<group>"; };
		76127A67239B858200D9E030 /* UIImageView+AFNetworking.h */ = {isa = PBXFileReference; fileEncoding = 4; lastKnownFileType = sourcecode.c.h; path = "UIImageView+AFNetworking.h"; sourceTree = "<group>"; };
		76127A68239B858200D9E030 /* UIWebView+AFNetworking.m */ = {isa = PBXFileReference; fileEncoding = 4; lastKnownFileType = sourcecode.c.objc; path = "UIWebView+AFNetworking.m"; sourceTree = "<group>"; };
		76DFBE6E2377D32D0092DDF9 /* ThridCodeReadDemo.app */ = {isa = PBXFileReference; explicitFileType = wrapper.application; includeInIndex = 0; path = ThridCodeReadDemo.app; sourceTree = BUILT_PRODUCTS_DIR; };
		76DFBE712377D32D0092DDF9 /* AppDelegate.h */ = {isa = PBXFileReference; lastKnownFileType = sourcecode.c.h; path = AppDelegate.h; sourceTree = "<group>"; };
		76DFBE722377D32D0092DDF9 /* AppDelegate.m */ = {isa = PBXFileReference; lastKnownFileType = sourcecode.c.objc; path = AppDelegate.m; sourceTree = "<group>"; };
		76DFBE742377D32D0092DDF9 /* WPRootViewController.h */ = {isa = PBXFileReference; lastKnownFileType = sourcecode.c.h; path = WPRootViewController.h; sourceTree = "<group>"; };
		76DFBE752377D32D0092DDF9 /* WPRootViewController.m */ = {isa = PBXFileReference; lastKnownFileType = sourcecode.c.objc; path = WPRootViewController.m; sourceTree = "<group>"; };
		76DFBE782377D32D0092DDF9 /* Base */ = {isa = PBXFileReference; lastKnownFileType = file.storyboard; name = Base; path = Base.lproj/Main.storyboard; sourceTree = "<group>"; };
		76DFBE7A2377D32E0092DDF9 /* Assets.xcassets */ = {isa = PBXFileReference; lastKnownFileType = folder.assetcatalog; path = Assets.xcassets; sourceTree = "<group>"; };
		76DFBE7D2377D32E0092DDF9 /* Base */ = {isa = PBXFileReference; lastKnownFileType = file.storyboard; name = Base; path = Base.lproj/LaunchScreen.storyboard; sourceTree = "<group>"; };
		76DFBE7F2377D32E0092DDF9 /* Info.plist */ = {isa = PBXFileReference; lastKnownFileType = text.plist.xml; path = Info.plist; sourceTree = "<group>"; };
		76DFBE802377D32E0092DDF9 /* main.m */ = {isa = PBXFileReference; lastKnownFileType = sourcecode.c.objc; path = main.m; sourceTree = "<group>"; };
		76DFBE862377D32E0092DDF9 /* ThridCodeReadDemoTests.xctest */ = {isa = PBXFileReference; explicitFileType = wrapper.cfbundle; includeInIndex = 0; path = ThridCodeReadDemoTests.xctest; sourceTree = BUILT_PRODUCTS_DIR; };
		76DFBE8A2377D32E0092DDF9 /* ThridCodeReadDemoTests.m */ = {isa = PBXFileReference; lastKnownFileType = sourcecode.c.objc; path = ThridCodeReadDemoTests.m; sourceTree = "<group>"; };
		76DFBE8C2377D32E0092DDF9 /* Info.plist */ = {isa = PBXFileReference; lastKnownFileType = text.plist.xml; path = Info.plist; sourceTree = "<group>"; };
		76DFBE912377D32E0092DDF9 /* ThridCodeReadDemoUITests.xctest */ = {isa = PBXFileReference; explicitFileType = wrapper.cfbundle; includeInIndex = 0; path = ThridCodeReadDemoUITests.xctest; sourceTree = BUILT_PRODUCTS_DIR; };
		76DFBE952377D32E0092DDF9 /* ThridCodeReadDemoUITests.m */ = {isa = PBXFileReference; lastKnownFileType = sourcecode.c.objc; path = ThridCodeReadDemoUITests.m; sourceTree = "<group>"; };
		76DFBE972377D32E0092DDF9 /* Info.plist */ = {isa = PBXFileReference; lastKnownFileType = text.plist.xml; path = Info.plist; sourceTree = "<group>"; };
		76DFBEA42377D3590092DDF9 /* MASLayoutConstraint.h */ = {isa = PBXFileReference; fileEncoding = 4; lastKnownFileType = sourcecode.c.h; path = MASLayoutConstraint.h; sourceTree = "<group>"; };
		76DFBEA52377D3590092DDF9 /* NSArray+MASAdditions.m */ = {isa = PBXFileReference; fileEncoding = 4; lastKnownFileType = sourcecode.c.objc; path = "NSArray+MASAdditions.m"; sourceTree = "<group>"; };
		76DFBEA62377D3590092DDF9 /* MASCompositeConstraint.m */ = {isa = PBXFileReference; fileEncoding = 4; lastKnownFileType = sourcecode.c.objc; path = MASCompositeConstraint.m; sourceTree = "<group>"; };
		76DFBEA72377D3590092DDF9 /* ViewController+MASAdditions.h */ = {isa = PBXFileReference; fileEncoding = 4; lastKnownFileType = sourcecode.c.h; path = "ViewController+MASAdditions.h"; sourceTree = "<group>"; };
		76DFBEA82377D3590092DDF9 /* MASConstraint+Private.h */ = {isa = PBXFileReference; fileEncoding = 4; lastKnownFileType = sourcecode.c.h; path = "MASConstraint+Private.h"; sourceTree = "<group>"; };
		76DFBEA92377D3590092DDF9 /* View+MASAdditions.h */ = {isa = PBXFileReference; fileEncoding = 4; lastKnownFileType = sourcecode.c.h; path = "View+MASAdditions.h"; sourceTree = "<group>"; };
		76DFBEAA2377D3590092DDF9 /* View+MASAdditions.m */ = {isa = PBXFileReference; fileEncoding = 4; lastKnownFileType = sourcecode.c.objc; path = "View+MASAdditions.m"; sourceTree = "<group>"; };
		76DFBEAB2377D3590092DDF9 /* MASViewConstraint.h */ = {isa = PBXFileReference; fileEncoding = 4; lastKnownFileType = sourcecode.c.h; path = MASViewConstraint.h; sourceTree = "<group>"; };
		76DFBEAC2377D3590092DDF9 /* View+MASShorthandAdditions.h */ = {isa = PBXFileReference; fileEncoding = 4; lastKnownFileType = sourcecode.c.h; path = "View+MASShorthandAdditions.h"; sourceTree = "<group>"; };
		76DFBEAD2377D3590092DDF9 /* MASViewAttribute.h */ = {isa = PBXFileReference; fileEncoding = 4; lastKnownFileType = sourcecode.c.h; path = MASViewAttribute.h; sourceTree = "<group>"; };
		76DFBEAE2377D3590092DDF9 /* NSLayoutConstraint+MASDebugAdditions.h */ = {isa = PBXFileReference; fileEncoding = 4; lastKnownFileType = sourcecode.c.h; path = "NSLayoutConstraint+MASDebugAdditions.h"; sourceTree = "<group>"; };
		76DFBEAF2377D3590092DDF9 /* Masonry.h */ = {isa = PBXFileReference; fileEncoding = 4; lastKnownFileType = sourcecode.c.h; path = Masonry.h; sourceTree = "<group>"; };
		76DFBEB02377D3590092DDF9 /* MASUtilities.h */ = {isa = PBXFileReference; fileEncoding = 4; lastKnownFileType = sourcecode.c.h; path = MASUtilities.h; sourceTree = "<group>"; };
		76DFBEB12377D3590092DDF9 /* MASCompositeConstraint.h */ = {isa = PBXFileReference; fileEncoding = 4; lastKnownFileType = sourcecode.c.h; path = MASCompositeConstraint.h; sourceTree = "<group>"; };
		76DFBEB22377D3590092DDF9 /* NSArray+MASAdditions.h */ = {isa = PBXFileReference; fileEncoding = 4; lastKnownFileType = sourcecode.c.h; path = "NSArray+MASAdditions.h"; sourceTree = "<group>"; };
		76DFBEB32377D3590092DDF9 /* MASViewConstraint.m */ = {isa = PBXFileReference; fileEncoding = 4; lastKnownFileType = sourcecode.c.objc; path = MASViewConstraint.m; sourceTree = "<group>"; };
		76DFBEB42377D35A0092DDF9 /* ViewController+MASAdditions.m */ = {isa = PBXFileReference; fileEncoding = 4; lastKnownFileType = sourcecode.c.objc; path = "ViewController+MASAdditions.m"; sourceTree = "<group>"; };
		76DFBEB52377D35A0092DDF9 /* MASLayoutConstraint.m */ = {isa = PBXFileReference; fileEncoding = 4; lastKnownFileType = sourcecode.c.objc; path = MASLayoutConstraint.m; sourceTree = "<group>"; };
		76DFBEB62377D35A0092DDF9 /* MASConstraint.h */ = {isa = PBXFileReference; fileEncoding = 4; lastKnownFileType = sourcecode.c.h; path = MASConstraint.h; sourceTree = "<group>"; };
		76DFBEB72377D35A0092DDF9 /* MASViewAttribute.m */ = {isa = PBXFileReference; fileEncoding = 4; lastKnownFileType = sourcecode.c.objc; path = MASViewAttribute.m; sourceTree = "<group>"; };
		76DFBEB82377D35A0092DDF9 /* NSLayoutConstraint+MASDebugAdditions.m */ = {isa = PBXFileReference; fileEncoding = 4; lastKnownFileType = sourcecode.c.objc; path = "NSLayoutConstraint+MASDebugAdditions.m"; sourceTree = "<group>"; };
		76DFBEB92377D35A0092DDF9 /* MASConstraintMaker.h */ = {isa = PBXFileReference; fileEncoding = 4; lastKnownFileType = sourcecode.c.h; path = MASConstraintMaker.h; sourceTree = "<group>"; };
		76DFBEBA2377D35A0092DDF9 /* NSArray+MASShorthandAdditions.h */ = {isa = PBXFileReference; fileEncoding = 4; lastKnownFileType = sourcecode.c.h; path = "NSArray+MASShorthandAdditions.h"; sourceTree = "<group>"; };
		76DFBEBB2377D35A0092DDF9 /* MASConstraintMaker.m */ = {isa = PBXFileReference; fileEncoding = 4; lastKnownFileType = sourcecode.c.objc; path = MASConstraintMaker.m; sourceTree = "<group>"; };
		76DFBEBC2377D35A0092DDF9 /* MASConstraint.m */ = {isa = PBXFileReference; fileEncoding = 4; lastKnownFileType = sourcecode.c.objc; path = MASConstraint.m; sourceTree = "<group>"; };
		76DFBEC82377D3890092DDF9 /* UITableView+FDTemplateLayoutCell.h */ = {isa = PBXFileReference; fileEncoding = 4; lastKnownFileType = sourcecode.c.h; path = "UITableView+FDTemplateLayoutCell.h"; sourceTree = "<group>"; };
		76DFBEC92377D3890092DDF9 /* UITableView+FDIndexPathHeightCache.m */ = {isa = PBXFileReference; fileEncoding = 4; lastKnownFileType = sourcecode.c.objc; path = "UITableView+FDIndexPathHeightCache.m"; sourceTree = "<group>"; };
		76DFBECA2377D3890092DDF9 /* UITableView+FDKeyedHeightCache.h */ = {isa = PBXFileReference; fileEncoding = 4; lastKnownFileType = sourcecode.c.h; path = "UITableView+FDKeyedHeightCache.h"; sourceTree = "<group>"; };
		76DFBECB2377D3890092DDF9 /* UITableView+FDIndexPathHeightCache.h */ = {isa = PBXFileReference; fileEncoding = 4; lastKnownFileType = sourcecode.c.h; path = "UITableView+FDIndexPathHeightCache.h"; sourceTree = "<group>"; };
		76DFBECC2377D3890092DDF9 /* UITableView+FDTemplateLayoutCellDebug.m */ = {isa = PBXFileReference; fileEncoding = 4; lastKnownFileType = sourcecode.c.objc; path = "UITableView+FDTemplateLayoutCellDebug.m"; sourceTree = "<group>"; };
		76DFBECD2377D3890092DDF9 /* UITableView+FDTemplateLayoutCell.m */ = {isa = PBXFileReference; fileEncoding = 4; lastKnownFileType = sourcecode.c.objc; path = "UITableView+FDTemplateLayoutCell.m"; sourceTree = "<group>"; };
		76DFBECE2377D3890092DDF9 /* UITableView+FDTemplateLayoutCellDebug.h */ = {isa = PBXFileReference; fileEncoding = 4; lastKnownFileType = sourcecode.c.h; path = "UITableView+FDTemplateLayoutCellDebug.h"; sourceTree = "<group>"; };
		76DFBECF2377D3890092DDF9 /* UITableView+FDKeyedHeightCache.m */ = {isa = PBXFileReference; fileEncoding = 4; lastKnownFileType = sourcecode.c.objc; path = "UITableView+FDKeyedHeightCache.m"; sourceTree = "<group>"; };
/* End PBXFileReference section */

/* Begin PBXFrameworksBuildPhase section */
		76DFBE6B2377D32D0092DDF9 /* Frameworks */ = {
			isa = PBXFrameworksBuildPhase;
			buildActionMask = 2147483647;
			files = (
			);
			runOnlyForDeploymentPostprocessing = 0;
		};
		76DFBE832377D32E0092DDF9 /* Frameworks */ = {
			isa = PBXFrameworksBuildPhase;
			buildActionMask = 2147483647;
			files = (
			);
			runOnlyForDeploymentPostprocessing = 0;
		};
		76DFBE8E2377D32E0092DDF9 /* Frameworks */ = {
			isa = PBXFrameworksBuildPhase;
			buildActionMask = 2147483647;
			files = (
			);
			runOnlyForDeploymentPostprocessing = 0;
		};
/* End PBXFrameworksBuildPhase section */

/* Begin PBXGroup section */
		7608867B239B8A2A00683955 /* BaseTableView_0.0.7 */ = {
			isa = PBXGroup;
			children = (
				760886A7239B8A8600683955 /* Headers */,
				7608868B239B8A5E00683955 /* Category */,
				760886AA239B8C0000683955 /* CMPhotoBrowserViewController */,
				76088684239B8A3A00683955 /* BaseSectionCell.h */,
				7608867C239B8A3A00683955 /* BaseSectionCell.m */,
				76088685239B8A3A00683955 /* BaseSectionModel.h */,
				7608867F239B8A3A00683955 /* BaseSectionModel.m */,
				76088682239B8A3A00683955 /* BaseSectionTableViewViewController.h */,
				76088680239B8A3A00683955 /* BaseSectionTableViewViewController.m */,
				76088681239B8A3A00683955 /* WPBaseHeaderFooterView.h */,
				7608867E239B8A3A00683955 /* WPBaseHeaderFooterView.m */,
				76088683239B8A3A00683955 /* WPTableViewPlaceHolderView.h */,
				7608867D239B8A3A00683955 /* WPTableViewPlaceHolderView.m */,
				760886AF239B8C2A00683955 /* ParseVCJsonAPI.h */,
				760886AE239B8C2A00683955 /* ParseVCJsonAPI.m */,
			);
			path = BaseTableView_0.0.7;
			sourceTree = "<group>";
		};
		7608868B239B8A5E00683955 /* Category */ = {
			isa = PBXGroup;
			children = (
				76088690239B8A6B00683955 /* NSObject+AddParams.h */,
				76088693239B8A6B00683955 /* NSObject+AddParams.m */,
				7608869B239B8A6C00683955 /* NSObject+Json.h */,
				76088697239B8A6C00683955 /* NSObject+Json.m */,
				76088692239B8A6B00683955 /* NSObject+Swizzle.h */,
				7608868F239B8A6B00683955 /* NSObject+Swizzle.m */,
				7608869C239B8A6C00683955 /* NSString+MD5Encrypt.h */,
				7608869D239B8A6C00683955 /* NSString+MD5Encrypt.m */,
				76088696239B8A6C00683955 /* UIImageView+WPLoadBundleImage.h */,
				7608868E239B8A6B00683955 /* UIImageView+WPLoadBundleImage.m */,
				7608868C239B8A6B00683955 /* UITableView+Placeholder.h */,
				7608868D239B8A6B00683955 /* UITableView+Placeholder.m */,
				76088698239B8A6C00683955 /* UITableViewCell+BaseCategory.h */,
				76088691239B8A6B00683955 /* UITableViewCell+BaseCategory.m */,
				76088699239B8A6C00683955 /* UITableViewHeaderFooterView+WPBaseCategory.h */,
				7608869A239B8A6C00683955 /* UITableViewHeaderFooterView+WPBaseCategory.m */,
				76088694239B8A6B00683955 /* UIView+Masonry.h */,
				76088695239B8A6B00683955 /* UIView+Masonry.m */,
			);
			path = Category;
			sourceTree = "<group>";
		};
		760886A7239B8A8600683955 /* Headers */ = {
			isa = PBXGroup;
			children = (
				760886A8239B8A8F00683955 /* WPBaseHeader.h */,
				760886A9239B8A8F00683955 /* WPCommonMacros.h */,
			);
			path = Headers;
			sourceTree = "<group>";
		};
		760886AA239B8C0000683955 /* CMPhotoBrowserViewController */ = {
			isa = PBXGroup;
			children = (
				760886E8239B8E2E00683955 /* CMCircleLoadingLayer.h */,
				760886EC239B8E2F00683955 /* CMCircleLoadingLayer.m */,
				760886E7239B8E2E00683955 /* CMPhotoBrowserAnimator.h */,
				760886E6239B8E2E00683955 /* CMPhotoBrowserAnimator.m */,
				760886E9239B8E2E00683955 /* CMPhotoBrowserScrollView.h */,
				760886ED239B8E2F00683955 /* CMPhotoBrowserScrollView.m */,
				760886EA239B8E2E00683955 /* CMPhotoBrowserViewController.h */,
				760886EB239B8E2F00683955 /* CMPhotoBrowserViewController.m */,
			);
			path = CMPhotoBrowserViewController;
			sourceTree = "<group>";
		};
		760886BA239B8DA300683955 /* SDWebImage_3.8.2 */ = {
			isa = PBXGroup;
			children = (
				760886C2239B8DC600683955 /* NSData+ImageContentType.h */,
				760886C7239B8DC700683955 /* NSData+ImageContentType.m */,
				760886BC239B8DC600683955 /* SDImageCache.h */,
				760886C3239B8DC600683955 /* SDImageCache.m */,
				760886D0239B8DC700683955 /* SDWebImageCompat.h */,
				760886D2239B8DC700683955 /* SDWebImageCompat.m */,
				760886CC239B8DC700683955 /* SDWebImageDecoder.h */,
				760886BE239B8DC600683955 /* SDWebImageDecoder.m */,
				760886D7239B8DC800683955 /* SDWebImageDownloader.h */,
				760886C1239B8DC600683955 /* SDWebImageDownloader.m */,
				760886D4239B8DC700683955 /* SDWebImageDownloaderOperation.h */,
				760886C6239B8DC600683955 /* SDWebImageDownloaderOperation.m */,
				760886D1239B8DC700683955 /* SDWebImageManager.h */,
				760886C0239B8DC600683955 /* SDWebImageManager.m */,
				760886D3239B8DC700683955 /* SDWebImageOperation.h */,
				760886D6239B8DC800683955 /* SDWebImagePrefetcher.h */,
				760886C5239B8DC600683955 /* SDWebImagePrefetcher.m */,
				760886C4239B8DC600683955 /* UIButton+WebCache.h */,
				760886C9239B8DC700683955 /* UIButton+WebCache.m */,
				760886CD239B8DC700683955 /* UIImage+GIF.h */,
				760886D5239B8DC800683955 /* UIImage+GIF.m */,
				760886CA239B8DC700683955 /* UIImage+MultiFormat.h */,
				760886BB239B8DC600683955 /* UIImage+MultiFormat.m */,
				760886CB239B8DC700683955 /* UIImageView+HighlightedWebCache.h */,
				760886BF239B8DC600683955 /* UIImageView+HighlightedWebCache.m */,
				760886CE239B8DC700683955 /* UIImageView+WebCache.h */,
				760886CF239B8DC700683955 /* UIImageView+WebCache.m */,
				760886BD239B8DC600683955 /* UIView+WebCacheOperation.h */,
				760886C8239B8DC700683955 /* UIView+WebCacheOperation.m */,
			);
			path = SDWebImage_3.8.2;
			sourceTree = "<group>";
		};
		760886FA239B8F7F00683955 /* MJRefresh_3.1.15.6 */ = {
			isa = PBXGroup;
			children = (
				760886FB239B8FA100683955 /* MJRefresh.h */,
				76088718239B8FA300683955 /* MJRefreshAutoFooter.h */,
				760886FC239B8FA100683955 /* MJRefreshAutoFooter.m */,
				76088712239B8FA200683955 /* MJRefreshAutoGifFooter.h */,
				76088711239B8FA200683955 /* MJRefreshAutoGifFooter.m */,
				76088709239B8FA200683955 /* MJRefreshAutoNormalFooter.h */,
				76088720239B8FA300683955 /* MJRefreshAutoNormalFooter.m */,
				76088703239B8FA100683955 /* MJRefreshAutoStateFooter.h */,
				760886FE239B8FA100683955 /* MJRefreshAutoStateFooter.m */,
				76088700239B8FA100683955 /* MJRefreshBackFooter.h */,
				76088710239B8FA200683955 /* MJRefreshBackFooter.m */,
				7608871F239B8FA300683955 /* MJRefreshBackGifFooter.h */,
				7608871E239B8FA300683955 /* MJRefreshBackGifFooter.m */,
				76088704239B8FA100683955 /* MJRefreshBackNormalFooter.h */,
				76088719239B8FA300683955 /* MJRefreshBackNormalFooter.m */,
				76088715239B8FA200683955 /* MJRefreshBackStateFooter.h */,
				76088707239B8FA100683955 /* MJRefreshBackStateFooter.m */,
				76088714239B8FA200683955 /* MJRefreshComponent.h */,
				76088713239B8FA200683955 /* MJRefreshComponent.m */,
				76088716239B8FA300683955 /* MJRefreshConst.h */,
				7608871D239B8FA300683955 /* MJRefreshConst.m */,
				7608871C239B8FA300683955 /* MJRefreshFooter.h */,
				7608870A239B8FA200683955 /* MJRefreshFooter.m */,
				7608870C239B8FA200683955 /* MJRefreshGifHeader.h */,
				760886FF239B8FA100683955 /* MJRefreshGifHeader.m */,
				76088717239B8FA300683955 /* MJRefreshHeader.h */,
				76088701239B8FA100683955 /* MJRefreshHeader.m */,
				7608870E239B8FA200683955 /* MJRefreshNormalHeader.h */,
				76088721239B8FA300683955 /* MJRefreshNormalHeader.m */,
				76088705239B8FA100683955 /* MJRefreshStateHeader.h */,
				7608870D239B8FA200683955 /* MJRefreshStateHeader.m */,
				7608871A239B8FA300683955 /* NSBundle+MJRefresh.h */,
				76088702239B8FA100683955 /* NSBundle+MJRefresh.m */,
				76088706239B8FA100683955 /* UIScrollView+MJExtension.h */,
				7608870B239B8FA200683955 /* UIScrollView+MJExtension.m */,
				7608871B239B8FA300683955 /* UIScrollView+MJRefresh.h */,
				76088708239B8FA200683955 /* UIScrollView+MJRefresh.m */,
				760886FD239B8FA100683955 /* UIView+MJExtension.h */,
				7608870F239B8FA200683955 /* UIView+MJExtension.m */,
				76088736239B8FB500683955 /* MJRefresh.bundle */,
			);
			path = MJRefresh_3.1.15.6;
			sourceTree = "<group>";
		};
		76088738239B90FA00683955 /* CodeReadViewContrller */ = {
			isa = PBXGroup;
			children = (
				76088739239B910F00683955 /* WPMasonryCodeReadViewController.h */,
				7608873A239B910F00683955 /* WPMasonryCodeReadViewController.m */,
			);
			path = CodeReadViewContrller;
			sourceTree = "<group>";
		};
		760FA3AF239A78C300C0C992 /* AFNetworking_3.1.0 */ = {
			isa = PBXGroup;
			children = (
				76127A05239B851600D9E030 /* AFNetworking */,
			);
			path = AFNetworking_3.1.0;
			sourceTree = "<group>";
		};
		76102DD723992E5A0094230D /* YYCache_1.0.4 */ = {
			isa = PBXGroup;
			children = (
				76102DE823992F4A0094230D /* YYCache.h */,
				76102DE323992F4A0094230D /* YYCache.m */,
				76102DE423992F4A0094230D /* YYMemoryCache.h */,
				76102DE223992F4A0094230D /* YYMemoryCache.m */,
				76102DE123992F4A0094230D /* YYDiskCache.h */,
				76102DE723992F4A0094230D /* YYDiskCache.m */,
				76102DE623992F4A0094230D /* YYKVStorage.h */,
				76102DE523992F4A0094230D /* YYKVStorage.m */,
			);
			path = YYCache_1.0.4;
			sourceTree = "<group>";
		};
		76127A05239B851600D9E030 /* AFNetworking */ = {
			isa = PBXGroup;
			children = (
				76127A04239B851600D9E030 /* AFNetworking.h */,
				76127A1D239B851600D9E030 /* AFNetworking */,
			);
			path = AFNetworking;
			sourceTree = "<group>";
		};
		76127A08239B851600D9E030 /* UIKit+AFNetworking */ = {
			isa = PBXGroup;
			children = (
				76127A65239B858100D9E030 /* AFAutoPurgingImageCache.h */,
				76127A62239B858100D9E030 /* AFAutoPurgingImageCache.m */,
				76127A5B239B858100D9E030 /* AFImageDownloader.h */,
				76127A5A239B858100D9E030 /* AFImageDownloader.m */,
				76127A64239B858100D9E030 /* AFNetworkActivityIndicatorManager.h */,
				76127A59239B858100D9E030 /* AFNetworkActivityIndicatorManager.m */,
				76127A55239B858100D9E030 /* UIActivityIndicatorView+AFNetworking.h */,
				76127A60239B858100D9E030 /* UIActivityIndicatorView+AFNetworking.m */,
				76127A5C239B858100D9E030 /* UIButton+AFNetworking.h */,
				76127A5D239B858100D9E030 /* UIButton+AFNetworking.m */,
				76127A56239B858100D9E030 /* UIImage+AFNetworking.h */,
				76127A67239B858200D9E030 /* UIImageView+AFNetworking.h */,
				76127A58239B858100D9E030 /* UIImageView+AFNetworking.m */,
				76127A5E239B858100D9E030 /* UIKit+AFNetworking.h */,
				76127A61239B858100D9E030 /* UIProgressView+AFNetworking.h */,
				76127A5F239B858100D9E030 /* UIProgressView+AFNetworking.m */,
				76127A63239B858100D9E030 /* UIRefreshControl+AFNetworking.h */,
				76127A66239B858200D9E030 /* UIRefreshControl+AFNetworking.m */,
				76127A57239B858100D9E030 /* UIWebView+AFNetworking.h */,
				76127A68239B858200D9E030 /* UIWebView+AFNetworking.m */,
			);
			path = "UIKit+AFNetworking";
			sourceTree = "<group>";
		};
		76127A1D239B851600D9E030 /* AFNetworking */ = {
			isa = PBXGroup;
			children = (
				76127A45239B857000D9E030 /* AFNetworking.h */,
				76127A72239B85FF00D9E030 /* NSURLSession */,
				76127A73239B861700D9E030 /* Reachability */,
				76127A74239B862500D9E030 /* Security */,
				76127A75239B863200D9E030 /* Serialization */,
				76127A08239B851600D9E030 /* UIKit+AFNetworking */,
			);
			path = AFNetworking;
			sourceTree = "<group>";
		};
		76127A72239B85FF00D9E030 /* NSURLSession */ = {
			isa = PBXGroup;
			children = (
				76127A43239B857000D9E030 /* AFURLSessionManager.h */,
				76127A4D239B857100D9E030 /* AFURLSessionManager.m */,
				76127A49239B857000D9E030 /* AFHTTPSessionManager.h */,
				76127A47239B857000D9E030 /* AFHTTPSessionManager.m */,
			);
			path = NSURLSession;
			sourceTree = "<group>";
		};
		76127A73239B861700D9E030 /* Reachability */ = {
			isa = PBXGroup;
			children = (
				76127A4C239B857100D9E030 /* AFNetworkReachabilityManager.h */,
				76127A4A239B857100D9E030 /* AFNetworkReachabilityManager.m */,
			);
			path = Reachability;
			sourceTree = "<group>";
		};
		76127A74239B862500D9E030 /* Security */ = {
			isa = PBXGroup;
			children = (
				76127A4B239B857100D9E030 /* AFSecurityPolicy.h */,
				76127A44239B857000D9E030 /* AFSecurityPolicy.m */,
			);
			path = Security;
			sourceTree = "<group>";
		};
		76127A75239B863200D9E030 /* Serialization */ = {
			isa = PBXGroup;
			children = (
				76127A48239B857000D9E030 /* AFURLRequestSerialization.h */,
				76127A46239B857000D9E030 /* AFURLRequestSerialization.m */,
				76127A42239B857000D9E030 /* AFURLResponseSerialization.h */,
				76127A4E239B857100D9E030 /* AFURLResponseSerialization.m */,
			);
			name = Serialization;
			sourceTree = "<group>";
		};
		76DFBE652377D32D0092DDF9 = {
			isa = PBXGroup;
			children = (
				76DFBE702377D32D0092DDF9 /* ThridCodeReadDemo */,
				76DFBE892377D32E0092DDF9 /* ThridCodeReadDemoTests */,
				76DFBE942377D32E0092DDF9 /* ThridCodeReadDemoUITests */,
				76DFBE6F2377D32D0092DDF9 /* Products */,
			);
			sourceTree = "<group>";
		};
		76DFBE6F2377D32D0092DDF9 /* Products */ = {
			isa = PBXGroup;
			children = (
				76DFBE6E2377D32D0092DDF9 /* ThridCodeReadDemo.app */,
				76DFBE862377D32E0092DDF9 /* ThridCodeReadDemoTests.xctest */,
				76DFBE912377D32E0092DDF9 /* ThridCodeReadDemoUITests.xctest */,
			);
			name = Products;
			sourceTree = "<group>";
		};
		76DFBE702377D32D0092DDF9 /* ThridCodeReadDemo */ = {
			isa = PBXGroup;
			children = (
				76DFBE712377D32D0092DDF9 /* AppDelegate.h */,
				76DFBE722377D32D0092DDF9 /* AppDelegate.m */,
				76DFBE742377D32D0092DDF9 /* WPRootViewController.h */,
				76DFBE752377D32D0092DDF9 /* WPRootViewController.m */,
				76088679239B89E100683955 /* WPRootViewController.json */,
				76088738239B90FA00683955 /* CodeReadViewContrller */,
				7608867B239B8A2A00683955 /* BaseTableView_0.0.7 */,
				760886FA239B8F7F00683955 /* MJRefresh_3.1.15.6 */,
				760886BA239B8DA300683955 /* SDWebImage_3.8.2 */,
				760FA3AF239A78C300C0C992 /* AFNetworking_3.1.0 */,
				76102DD723992E5A0094230D /* YYCache_1.0.4 */,
				76DFBEC72377D3720092DDF9 /* FDTemplateLayoutCell_1.6 */,
				76DFBEA32377D34E0092DDF9 /* Masonry_1.1.0 */,
				76DFBE772377D32D0092DDF9 /* Main.storyboard */,
				76DFBE7A2377D32E0092DDF9 /* Assets.xcassets */,
				76DFBE7C2377D32E0092DDF9 /* LaunchScreen.storyboard */,
				76DFBE7F2377D32E0092DDF9 /* Info.plist */,
				76DFBE802377D32E0092DDF9 /* main.m */,
			);
			path = ThridCodeReadDemo;
			sourceTree = "<group>";
		};
		76DFBE892377D32E0092DDF9 /* ThridCodeReadDemoTests */ = {
			isa = PBXGroup;
			children = (
				76DFBE8A2377D32E0092DDF9 /* ThridCodeReadDemoTests.m */,
				76DFBE8C2377D32E0092DDF9 /* Info.plist */,
			);
			path = ThridCodeReadDemoTests;
			sourceTree = "<group>";
		};
		76DFBE942377D32E0092DDF9 /* ThridCodeReadDemoUITests */ = {
			isa = PBXGroup;
			children = (
				76DFBE952377D32E0092DDF9 /* ThridCodeReadDemoUITests.m */,
				76DFBE972377D32E0092DDF9 /* Info.plist */,
			);
			path = ThridCodeReadDemoUITests;
			sourceTree = "<group>";
		};
		76DFBEA32377D34E0092DDF9 /* Masonry_1.1.0 */ = {
			isa = PBXGroup;
			children = (
				76DFBEB12377D3590092DDF9 /* MASCompositeConstraint.h */,
				76DFBEA62377D3590092DDF9 /* MASCompositeConstraint.m */,
				76DFBEB62377D35A0092DDF9 /* MASConstraint.h */,
				76DFBEBC2377D35A0092DDF9 /* MASConstraint.m */,
				76DFBEA82377D3590092DDF9 /* MASConstraint+Private.h */,
				76DFBEB92377D35A0092DDF9 /* MASConstraintMaker.h */,
				76DFBEBB2377D35A0092DDF9 /* MASConstraintMaker.m */,
				76DFBEA42377D3590092DDF9 /* MASLayoutConstraint.h */,
				76DFBEB52377D35A0092DDF9 /* MASLayoutConstraint.m */,
				76DFBEAF2377D3590092DDF9 /* Masonry.h */,
				76DFBEB02377D3590092DDF9 /* MASUtilities.h */,
				76DFBEAD2377D3590092DDF9 /* MASViewAttribute.h */,
				76DFBEB72377D35A0092DDF9 /* MASViewAttribute.m */,
				76DFBEAB2377D3590092DDF9 /* MASViewConstraint.h */,
				76DFBEB32377D3590092DDF9 /* MASViewConstraint.m */,
				76DFBEB22377D3590092DDF9 /* NSArray+MASAdditions.h */,
				76DFBEA52377D3590092DDF9 /* NSArray+MASAdditions.m */,
				76DFBEBA2377D35A0092DDF9 /* NSArray+MASShorthandAdditions.h */,
				76DFBEAE2377D3590092DDF9 /* NSLayoutConstraint+MASDebugAdditions.h */,
				76DFBEB82377D35A0092DDF9 /* NSLayoutConstraint+MASDebugAdditions.m */,
				76DFBEA92377D3590092DDF9 /* View+MASAdditions.h */,
				76DFBEAA2377D3590092DDF9 /* View+MASAdditions.m */,
				76DFBEAC2377D3590092DDF9 /* View+MASShorthandAdditions.h */,
				76DFBEA72377D3590092DDF9 /* ViewController+MASAdditions.h */,
				76DFBEB42377D35A0092DDF9 /* ViewController+MASAdditions.m */,
			);
			path = Masonry_1.1.0;
			sourceTree = "<group>";
		};
		76DFBEC72377D3720092DDF9 /* FDTemplateLayoutCell_1.6 */ = {
			isa = PBXGroup;
			children = (
				76DFBECB2377D3890092DDF9 /* UITableView+FDIndexPathHeightCache.h */,
				76DFBEC92377D3890092DDF9 /* UITableView+FDIndexPathHeightCache.m */,
				76DFBECA2377D3890092DDF9 /* UITableView+FDKeyedHeightCache.h */,
				76DFBECF2377D3890092DDF9 /* UITableView+FDKeyedHeightCache.m */,
				76DFBEC82377D3890092DDF9 /* UITableView+FDTemplateLayoutCell.h */,
				76DFBECD2377D3890092DDF9 /* UITableView+FDTemplateLayoutCell.m */,
				76DFBECE2377D3890092DDF9 /* UITableView+FDTemplateLayoutCellDebug.h */,
				76DFBECC2377D3890092DDF9 /* UITableView+FDTemplateLayoutCellDebug.m */,
			);
			path = FDTemplateLayoutCell_1.6;
			sourceTree = "<group>";
		};
/* End PBXGroup section */

/* Begin PBXNativeTarget section */
		76DFBE6D2377D32D0092DDF9 /* ThridCodeReadDemo */ = {
			isa = PBXNativeTarget;
			buildConfigurationList = 76DFBE9A2377D32E0092DDF9 /* Build configuration list for PBXNativeTarget "ThridCodeReadDemo" */;
			buildPhases = (
				76DFBE6A2377D32D0092DDF9 /* Sources */,
				76DFBE6B2377D32D0092DDF9 /* Frameworks */,
				76DFBE6C2377D32D0092DDF9 /* Resources */,
			);
			buildRules = (
			);
			dependencies = (
			);
			name = ThridCodeReadDemo;
			productName = ThridCodeReadDemo;
			productReference = 76DFBE6E2377D32D0092DDF9 /* ThridCodeReadDemo.app */;
			productType = "com.apple.product-type.application";
		};
		76DFBE852377D32E0092DDF9 /* ThridCodeReadDemoTests */ = {
			isa = PBXNativeTarget;
			buildConfigurationList = 76DFBE9D2377D32E0092DDF9 /* Build configuration list for PBXNativeTarget "ThridCodeReadDemoTests" */;
			buildPhases = (
				76DFBE822377D32E0092DDF9 /* Sources */,
				76DFBE832377D32E0092DDF9 /* Frameworks */,
				76DFBE842377D32E0092DDF9 /* Resources */,
			);
			buildRules = (
			);
			dependencies = (
				76DFBE882377D32E0092DDF9 /* PBXTargetDependency */,
			);
			name = ThridCodeReadDemoTests;
			productName = ThridCodeReadDemoTests;
			productReference = 76DFBE862377D32E0092DDF9 /* ThridCodeReadDemoTests.xctest */;
			productType = "com.apple.product-type.bundle.unit-test";
		};
		76DFBE902377D32E0092DDF9 /* ThridCodeReadDemoUITests */ = {
			isa = PBXNativeTarget;
			buildConfigurationList = 76DFBEA02377D32E0092DDF9 /* Build configuration list for PBXNativeTarget "ThridCodeReadDemoUITests" */;
			buildPhases = (
				76DFBE8D2377D32E0092DDF9 /* Sources */,
				76DFBE8E2377D32E0092DDF9 /* Frameworks */,
				76DFBE8F2377D32E0092DDF9 /* Resources */,
			);
			buildRules = (
			);
			dependencies = (
				76DFBE932377D32E0092DDF9 /* PBXTargetDependency */,
			);
			name = ThridCodeReadDemoUITests;
			productName = ThridCodeReadDemoUITests;
			productReference = 76DFBE912377D32E0092DDF9 /* ThridCodeReadDemoUITests.xctest */;
			productType = "com.apple.product-type.bundle.ui-testing";
		};
/* End PBXNativeTarget section */

/* Begin PBXProject section */
		76DFBE662377D32D0092DDF9 /* Project object */ = {
			isa = PBXProject;
			attributes = {
				LastUpgradeCheck = 1030;
				ORGANIZATIONNAME = wupeng;
				TargetAttributes = {
					76DFBE6D2377D32D0092DDF9 = {
						CreatedOnToolsVersion = 10.3;
					};
					76DFBE852377D32E0092DDF9 = {
						CreatedOnToolsVersion = 10.3;
						TestTargetID = 76DFBE6D2377D32D0092DDF9;
					};
					76DFBE902377D32E0092DDF9 = {
						CreatedOnToolsVersion = 10.3;
						TestTargetID = 76DFBE6D2377D32D0092DDF9;
					};
				};
			};
			buildConfigurationList = 76DFBE692377D32D0092DDF9 /* Build configuration list for PBXProject "ThridCodeReadDemo" */;
			compatibilityVersion = "Xcode 9.3";
			developmentRegion = en;
			hasScannedForEncodings = 0;
			knownRegions = (
				en,
				Base,
			);
			mainGroup = 76DFBE652377D32D0092DDF9;
			productRefGroup = 76DFBE6F2377D32D0092DDF9 /* Products */;
			projectDirPath = "";
			projectRoot = "";
			targets = (
				76DFBE6D2377D32D0092DDF9 /* ThridCodeReadDemo */,
				76DFBE852377D32E0092DDF9 /* ThridCodeReadDemoTests */,
				76DFBE902377D32E0092DDF9 /* ThridCodeReadDemoUITests */,
			);
		};
/* End PBXProject section */

/* Begin PBXResourcesBuildPhase section */
		76DFBE6C2377D32D0092DDF9 /* Resources */ = {
			isa = PBXResourcesBuildPhase;
			buildActionMask = 2147483647;
			files = (
				76DFBE7E2377D32E0092DDF9 /* LaunchScreen.storyboard in Resources */,
				76DFBE7B2377D32E0092DDF9 /* Assets.xcassets in Resources */,
				7608867A239B89E100683955 /* WPRootViewController.json in Resources */,
				76088737239B8FB500683955 /* MJRefresh.bundle in Resources */,
				76DFBE792377D32D0092DDF9 /* Main.storyboard in Resources */,
			);
			runOnlyForDeploymentPostprocessing = 0;
		};
		76DFBE842377D32E0092DDF9 /* Resources */ = {
			isa = PBXResourcesBuildPhase;
			buildActionMask = 2147483647;
			files = (
			);
			runOnlyForDeploymentPostprocessing = 0;
		};
		76DFBE8F2377D32E0092DDF9 /* Resources */ = {
			isa = PBXResourcesBuildPhase;
			buildActionMask = 2147483647;
			files = (
			);
			runOnlyForDeploymentPostprocessing = 0;
		};
/* End PBXResourcesBuildPhase section */

/* Begin PBXSourcesBuildPhase section */
		76DFBE6A2377D32D0092DDF9 /* Sources */ = {
			isa = PBXSourcesBuildPhase;
			buildActionMask = 2147483647;
			files = (
				760886E5239B8DC800683955 /* UIImage+GIF.m in Sources */,
				76127A6D239B858200D9E030 /* UIProgressView+AFNetworking.m in Sources */,
				760886DD239B8DC800683955 /* SDImageCache.m in Sources */,
				760886DB239B8DC800683955 /* SDWebImageManager.m in Sources */,
				76088731239B8FA300683955 /* MJRefreshConst.m in Sources */,
				76DFBEC42377D35A0092DDF9 /* NSLayoutConstraint+MASDebugAdditions.m in Sources */,
				760886E0239B8DC800683955 /* NSData+ImageContentType.m in Sources */,
				7608872D239B8FA300683955 /* MJRefreshBackFooter.m in Sources */,
				76DFBED22377D3890092DDF9 /* UITableView+FDTemplateLayoutCell.m in Sources */,
				76127A6E239B858200D9E030 /* UIActivityIndicatorView+AFNetworking.m in Sources */,
				760886E2239B8DC800683955 /* UIButton+WebCache.m in Sources */,
				760886DF239B8DC800683955 /* SDWebImageDownloaderOperation.m in Sources */,
				760886A0239B8A6C00683955 /* NSObject+Swizzle.m in Sources */,
				76088727239B8FA300683955 /* MJRefreshBackStateFooter.m in Sources */,
				76DFBED02377D3890092DDF9 /* UITableView+FDIndexPathHeightCache.m in Sources */,
				760886EF239B8E2F00683955 /* CMPhotoBrowserViewController.m in Sources */,
				76DFBED12377D3890092DDF9 /* UITableView+FDTemplateLayoutCellDebug.m in Sources */,
				760886B0239B8C2A00683955 /* ParseVCJsonAPI.m in Sources */,
				76088734239B8FA300683955 /* MJRefreshNormalHeader.m in Sources */,
				760886A4239B8A6C00683955 /* NSObject+Json.m in Sources */,
				7608868A239B8A3A00683955 /* BaseSectionTableViewViewController.m in Sources */,
				76088733239B8FA300683955 /* MJRefreshAutoNormalFooter.m in Sources */,
				76088723239B8FA300683955 /* MJRefreshAutoStateFooter.m in Sources */,
				760886A1239B8A6C00683955 /* UITableViewCell+BaseCategory.m in Sources */,
				7608872E239B8FA300683955 /* MJRefreshAutoGifFooter.m in Sources */,
				760886F0239B8E2F00683955 /* CMCircleLoadingLayer.m in Sources */,
				76102DEB23992F4B0094230D /* YYKVStorage.m in Sources */,
				760886EE239B8E2F00683955 /* CMPhotoBrowserAnimator.m in Sources */,
				760886F1239B8E2F00683955 /* CMPhotoBrowserScrollView.m in Sources */,
				760886E4239B8DC800683955 /* SDWebImageCompat.m in Sources */,
				76DFBEBD2377D35A0092DDF9 /* NSArray+MASAdditions.m in Sources */,
				76DFBED32377D3890092DDF9 /* UITableView+FDKeyedHeightCache.m in Sources */,
				76DFBE762377D32D0092DDF9 /* WPRootViewController.m in Sources */,
				7608869E239B8A6C00683955 /* UITableView+Placeholder.m in Sources */,
				76127A54239B857100D9E030 /* AFURLResponseSerialization.m in Sources */,
				76127A6C239B858200D9E030 /* UIButton+AFNetworking.m in Sources */,
				760886A3239B8A6C00683955 /* UIView+Masonry.m in Sources */,
				76127A53239B857100D9E030 /* AFURLSessionManager.m in Sources */,
				760886A5239B8A6C00683955 /* UITableViewHeaderFooterView+WPBaseCategory.m in Sources */,
				76088729239B8FA300683955 /* MJRefreshFooter.m in Sources */,
				76102DE923992F4B0094230D /* YYMemoryCache.m in Sources */,
				7608872F239B8FA300683955 /* MJRefreshComponent.m in Sources */,
				760886DE239B8DC800683955 /* SDWebImagePrefetcher.m in Sources */,
				76088686239B8A3A00683955 /* BaseSectionCell.m in Sources */,
				76088725239B8FA300683955 /* MJRefreshHeader.m in Sources */,
				76127A4F239B857100D9E030 /* AFSecurityPolicy.m in Sources */,
				76127A6A239B858200D9E030 /* AFNetworkActivityIndicatorManager.m in Sources */,
				76DFBEC12377D35A0092DDF9 /* ViewController+MASAdditions.m in Sources */,
				76DFBEBF2377D35A0092DDF9 /* View+MASAdditions.m in Sources */,
				76DFBEC52377D35A0092DDF9 /* MASConstraintMaker.m in Sources */,
				760886DA239B8DC800683955 /* UIImageView+HighlightedWebCache.m in Sources */,
				76088726239B8FA300683955 /* NSBundle+MJRefresh.m in Sources */,
				760886D8239B8DC800683955 /* UIImage+MultiFormat.m in Sources */,
				7608869F239B8A6C00683955 /* UIImageView+WPLoadBundleImage.m in Sources */,
				76127A6F239B858200D9E030 /* AFAutoPurgingImageCache.m in Sources */,
				76088728239B8FA300683955 /* UIScrollView+MJRefresh.m in Sources */,
				76127A71239B858200D9E030 /* UIWebView+AFNetworking.m in Sources */,
				760886A6239B8A6C00683955 /* NSString+MD5Encrypt.m in Sources */,
				760886D9239B8DC800683955 /* SDWebImageDecoder.m in Sources */,
				760886E3239B8DC800683955 /* UIImageView+WebCache.m in Sources */,
				76088730239B8FA300683955 /* MJRefreshBackNormalFooter.m in Sources */,
				76088689239B8A3A00683955 /* BaseSectionModel.m in Sources */,
				760886E1239B8DC800683955 /* UIView+WebCacheOperation.m in Sources */,
				76088722239B8FA300683955 /* MJRefreshAutoFooter.m in Sources */,
				76DFBE812377D32E0092DDF9 /* main.m in Sources */,
				76127A6B239B858200D9E030 /* AFImageDownloader.m in Sources */,
				76088688239B8A3A00683955 /* WPBaseHeaderFooterView.m in Sources */,
				76127A70239B858200D9E030 /* UIRefreshControl+AFNetworking.m in Sources */,
				76DFBEC32377D35A0092DDF9 /* MASViewAttribute.m in Sources */,
				76DFBEC02377D35A0092DDF9 /* MASViewConstraint.m in Sources */,
				76102DEC23992F4B0094230D /* YYDiskCache.m in Sources */,
				76127A69239B858200D9E030 /* UIImageView+AFNetworking.m in Sources */,
				76088724239B8FA300683955 /* MJRefreshGifHeader.m in Sources */,
				7608872A239B8FA300683955 /* UIScrollView+MJExtension.m in Sources */,
				76088687239B8A3A00683955 /* WPTableViewPlaceHolderView.m in Sources */,
				76DFBE732377D32D0092DDF9 /* AppDelegate.m in Sources */,
				76127A50239B857100D9E030 /* AFURLRequestSerialization.m in Sources */,
				76102DEA23992F4B0094230D /* YYCache.m in Sources */,
				7608872C239B8FA300683955 /* UIView+MJExtension.m in Sources */,
				7608872B239B8FA300683955 /* MJRefreshStateHeader.m in Sources */,
				76DFBEC22377D35A0092DDF9 /* MASLayoutConstraint.m in Sources */,
				76127A51239B857100D9E030 /* AFHTTPSessionManager.m in Sources */,
				760886DC239B8DC800683955 /* SDWebImageDownloader.m in Sources */,
				76127A52239B857100D9E030 /* AFNetworkReachabilityManager.m in Sources */,
				76DFBEBE2377D35A0092DDF9 /* MASCompositeConstraint.m in Sources */,
				76088732239B8FA300683955 /* MJRefreshBackGifFooter.m in Sources */,
				76DFBEC62377D35A0092DDF9 /* MASConstraint.m in Sources */,
				760886A2239B8A6C00683955 /* NSObject+AddParams.m in Sources */,
				7608873B239B910F00683955 /* WPMasonryCodeReadViewController.m in Sources */,
			);
			runOnlyForDeploymentPostprocessing = 0;
		};
		76DFBE822377D32E0092DDF9 /* Sources */ = {
			isa = PBXSourcesBuildPhase;
			buildActionMask = 2147483647;
			files = (
				76DFBE8B2377D32E0092DDF9 /* ThridCodeReadDemoTests.m in Sources */,
			);
			runOnlyForDeploymentPostprocessing = 0;
		};
		76DFBE8D2377D32E0092DDF9 /* Sources */ = {
			isa = PBXSourcesBuildPhase;
			buildActionMask = 2147483647;
			files = (
				76DFBE962377D32E0092DDF9 /* ThridCodeReadDemoUITests.m in Sources */,
			);
			runOnlyForDeploymentPostprocessing = 0;
		};
/* End PBXSourcesBuildPhase section */

/* Begin PBXTargetDependency section */
		76DFBE882377D32E0092DDF9 /* PBXTargetDependency */ = {
			isa = PBXTargetDependency;
			target = 76DFBE6D2377D32D0092DDF9 /* ThridCodeReadDemo */;
			targetProxy = 76DFBE872377D32E0092DDF9 /* PBXContainerItemProxy */;
		};
		76DFBE932377D32E0092DDF9 /* PBXTargetDependency */ = {
			isa = PBXTargetDependency;
			target = 76DFBE6D2377D32D0092DDF9 /* ThridCodeReadDemo */;
			targetProxy = 76DFBE922377D32E0092DDF9 /* PBXContainerItemProxy */;
		};
/* End PBXTargetDependency section */

/* Begin PBXVariantGroup section */
		76DFBE772377D32D0092DDF9 /* Main.storyboard */ = {
			isa = PBXVariantGroup;
			children = (
				76DFBE782377D32D0092DDF9 /* Base */,
			);
			name = Main.storyboard;
			sourceTree = "<group>";
		};
		76DFBE7C2377D32E0092DDF9 /* LaunchScreen.storyboard */ = {
			isa = PBXVariantGroup;
			children = (
				76DFBE7D2377D32E0092DDF9 /* Base */,
			);
			name = LaunchScreen.storyboard;
			sourceTree = "<group>";
		};
/* End PBXVariantGroup section */

/* Begin XCBuildConfiguration section */
		76DFBE982377D32E0092DDF9 /* Debug */ = {
			isa = XCBuildConfiguration;
			buildSettings = {
				ALWAYS_SEARCH_USER_PATHS = NO;
				CLANG_ANALYZER_NONNULL = YES;
				CLANG_ANALYZER_NUMBER_OBJECT_CONVERSION = YES_AGGRESSIVE;
				CLANG_CXX_LANGUAGE_STANDARD = "gnu++14";
				CLANG_CXX_LIBRARY = "libc++";
				CLANG_ENABLE_MODULES = YES;
				CLANG_ENABLE_OBJC_ARC = YES;
				CLANG_ENABLE_OBJC_WEAK = YES;
				CLANG_WARN_BLOCK_CAPTURE_AUTORELEASING = YES;
				CLANG_WARN_BOOL_CONVERSION = YES;
				CLANG_WARN_COMMA = YES;
				CLANG_WARN_CONSTANT_CONVERSION = YES;
				CLANG_WARN_DEPRECATED_OBJC_IMPLEMENTATIONS = YES;
				CLANG_WARN_DIRECT_OBJC_ISA_USAGE = YES_ERROR;
				CLANG_WARN_DOCUMENTATION_COMMENTS = YES;
				CLANG_WARN_EMPTY_BODY = YES;
				CLANG_WARN_ENUM_CONVERSION = YES;
				CLANG_WARN_INFINITE_RECURSION = YES;
				CLANG_WARN_INT_CONVERSION = YES;
				CLANG_WARN_NON_LITERAL_NULL_CONVERSION = YES;
				CLANG_WARN_OBJC_IMPLICIT_RETAIN_SELF = YES;
				CLANG_WARN_OBJC_LITERAL_CONVERSION = YES;
				CLANG_WARN_OBJC_ROOT_CLASS = YES_ERROR;
				CLANG_WARN_RANGE_LOOP_ANALYSIS = YES;
				CLANG_WARN_STRICT_PROTOTYPES = YES;
				CLANG_WARN_SUSPICIOUS_MOVE = YES;
				CLANG_WARN_UNGUARDED_AVAILABILITY = YES_AGGRESSIVE;
				CLANG_WARN_UNREACHABLE_CODE = YES;
				CLANG_WARN__DUPLICATE_METHOD_MATCH = YES;
				CODE_SIGN_IDENTITY = "iPhone Developer";
				COPY_PHASE_STRIP = NO;
				DEBUG_INFORMATION_FORMAT = dwarf;
				ENABLE_STRICT_OBJC_MSGSEND = YES;
				ENABLE_TESTABILITY = YES;
				GCC_C_LANGUAGE_STANDARD = gnu11;
				GCC_DYNAMIC_NO_PIC = NO;
				GCC_NO_COMMON_BLOCKS = YES;
				GCC_OPTIMIZATION_LEVEL = 0;
				GCC_PREPROCESSOR_DEFINITIONS = (
					"DEBUG=1",
					"$(inherited)",
				);
				GCC_WARN_64_TO_32_BIT_CONVERSION = YES;
				GCC_WARN_ABOUT_RETURN_TYPE = YES_ERROR;
				GCC_WARN_UNDECLARED_SELECTOR = YES;
				GCC_WARN_UNINITIALIZED_AUTOS = YES_AGGRESSIVE;
				GCC_WARN_UNUSED_FUNCTION = YES;
				GCC_WARN_UNUSED_VARIABLE = YES;
				IPHONEOS_DEPLOYMENT_TARGET = 12.4;
				MTL_ENABLE_DEBUG_INFO = INCLUDE_SOURCE;
				MTL_FAST_MATH = YES;
				ONLY_ACTIVE_ARCH = YES;
				SDKROOT = iphoneos;
			};
			name = Debug;
		};
		76DFBE992377D32E0092DDF9 /* Release */ = {
			isa = XCBuildConfiguration;
			buildSettings = {
				ALWAYS_SEARCH_USER_PATHS = NO;
				CLANG_ANALYZER_NONNULL = YES;
				CLANG_ANALYZER_NUMBER_OBJECT_CONVERSION = YES_AGGRESSIVE;
				CLANG_CXX_LANGUAGE_STANDARD = "gnu++14";
				CLANG_CXX_LIBRARY = "libc++";
				CLANG_ENABLE_MODULES = YES;
				CLANG_ENABLE_OBJC_ARC = YES;
				CLANG_ENABLE_OBJC_WEAK = YES;
				CLANG_WARN_BLOCK_CAPTURE_AUTORELEASING = YES;
				CLANG_WARN_BOOL_CONVERSION = YES;
				CLANG_WARN_COMMA = YES;
				CLANG_WARN_CONSTANT_CONVERSION = YES;
				CLANG_WARN_DEPRECATED_OBJC_IMPLEMENTATIONS = YES;
				CLANG_WARN_DIRECT_OBJC_ISA_USAGE = YES_ERROR;
				CLANG_WARN_DOCUMENTATION_COMMENTS = YES;
				CLANG_WARN_EMPTY_BODY = YES;
				CLANG_WARN_ENUM_CONVERSION = YES;
				CLANG_WARN_INFINITE_RECURSION = YES;
				CLANG_WARN_INT_CONVERSION = YES;
				CLANG_WARN_NON_LITERAL_NULL_CONVERSION = YES;
				CLANG_WARN_OBJC_IMPLICIT_RETAIN_SELF = YES;
				CLANG_WARN_OBJC_LITERAL_CONVERSION = YES;
				CLANG_WARN_OBJC_ROOT_CLASS = YES_ERROR;
				CLANG_WARN_RANGE_LOOP_ANALYSIS = YES;
				CLANG_WARN_STRICT_PROTOTYPES = YES;
				CLANG_WARN_SUSPICIOUS_MOVE = YES;
				CLANG_WARN_UNGUARDED_AVAILABILITY = YES_AGGRESSIVE;
				CLANG_WARN_UNREACHABLE_CODE = YES;
				CLANG_WARN__DUPLICATE_METHOD_MATCH = YES;
				CODE_SIGN_IDENTITY = "iPhone Developer";
				COPY_PHASE_STRIP = NO;
				DEBUG_INFORMATION_FORMAT = "dwarf-with-dsym";
				ENABLE_NS_ASSERTIONS = NO;
				ENABLE_STRICT_OBJC_MSGSEND = YES;
				GCC_C_LANGUAGE_STANDARD = gnu11;
				GCC_NO_COMMON_BLOCKS = YES;
				GCC_WARN_64_TO_32_BIT_CONVERSION = YES;
				GCC_WARN_ABOUT_RETURN_TYPE = YES_ERROR;
				GCC_WARN_UNDECLARED_SELECTOR = YES;
				GCC_WARN_UNINITIALIZED_AUTOS = YES_AGGRESSIVE;
				GCC_WARN_UNUSED_FUNCTION = YES;
				GCC_WARN_UNUSED_VARIABLE = YES;
				IPHONEOS_DEPLOYMENT_TARGET = 12.4;
				MTL_ENABLE_DEBUG_INFO = NO;
				MTL_FAST_MATH = YES;
				SDKROOT = iphoneos;
				VALIDATE_PRODUCT = YES;
			};
			name = Release;
		};
		76DFBE9B2377D32E0092DDF9 /* Debug */ = {
			isa = XCBuildConfiguration;
			buildSettings = {
				ASSETCATALOG_COMPILER_APPICON_NAME = AppIcon;
				CODE_SIGN_STYLE = Automatic;
				DEVELOPMENT_TEAM = N76D3WSK95;
				INFOPLIST_FILE = ThridCodeReadDemo/Info.plist;
				LD_RUNPATH_SEARCH_PATHS = (
					"$(inherited)",
					"@executable_path/Frameworks",
				);
				PRODUCT_BUNDLE_IDENTIFIER = wupeng.ThridCodeReadDemo;
				PRODUCT_NAME = "$(TARGET_NAME)";
				TARGETED_DEVICE_FAMILY = "1,2";
			};
			name = Debug;
		};
		76DFBE9C2377D32E0092DDF9 /* Release */ = {
			isa = XCBuildConfiguration;
			buildSettings = {
				ASSETCATALOG_COMPILER_APPICON_NAME = AppIcon;
				CODE_SIGN_STYLE = Automatic;
				DEVELOPMENT_TEAM = N76D3WSK95;
				INFOPLIST_FILE = ThridCodeReadDemo/Info.plist;
				LD_RUNPATH_SEARCH_PATHS = (
					"$(inherited)",
					"@executable_path/Frameworks",
				);
				PRODUCT_BUNDLE_IDENTIFIER = wupeng.ThridCodeReadDemo;
				PRODUCT_NAME = "$(TARGET_NAME)";
				TARGETED_DEVICE_FAMILY = "1,2";
			};
			name = Release;
		};
		76DFBE9E2377D32E0092DDF9 /* Debug */ = {
			isa = XCBuildConfiguration;
			buildSettings = {
				BUNDLE_LOADER = "$(TEST_HOST)";
				CODE_SIGN_STYLE = Automatic;
				DEVELOPMENT_TEAM = N76D3WSK95;
				INFOPLIST_FILE = ThridCodeReadDemoTests/Info.plist;
				LD_RUNPATH_SEARCH_PATHS = (
					"$(inherited)",
					"@executable_path/Frameworks",
					"@loader_path/Frameworks",
				);
				PRODUCT_BUNDLE_IDENTIFIER = wupeng.ThridCodeReadDemoTests;
				PRODUCT_NAME = "$(TARGET_NAME)";
				TARGETED_DEVICE_FAMILY = "1,2";
				TEST_HOST = "$(BUILT_PRODUCTS_DIR)/ThridCodeReadDemo.app/ThridCodeReadDemo";
			};
			name = Debug;
		};
		76DFBE9F2377D32E0092DDF9 /* Release */ = {
			isa = XCBuildConfiguration;
			buildSettings = {
				BUNDLE_LOADER = "$(TEST_HOST)";
				CODE_SIGN_STYLE = Automatic;
				DEVELOPMENT_TEAM = N76D3WSK95;
				INFOPLIST_FILE = ThridCodeReadDemoTests/Info.plist;
				LD_RUNPATH_SEARCH_PATHS = (
					"$(inherited)",
					"@executable_path/Frameworks",
					"@loader_path/Frameworks",
				);
				PRODUCT_BUNDLE_IDENTIFIER = wupeng.ThridCodeReadDemoTests;
				PRODUCT_NAME = "$(TARGET_NAME)";
				TARGETED_DEVICE_FAMILY = "1,2";
				TEST_HOST = "$(BUILT_PRODUCTS_DIR)/ThridCodeReadDemo.app/ThridCodeReadDemo";
			};
			name = Release;
		};
		76DFBEA12377D32E0092DDF9 /* Debug */ = {
			isa = XCBuildConfiguration;
			buildSettings = {
				CODE_SIGN_STYLE = Automatic;
				DEVELOPMENT_TEAM = N76D3WSK95;
				INFOPLIST_FILE = ThridCodeReadDemoUITests/Info.plist;
				LD_RUNPATH_SEARCH_PATHS = (
					"$(inherited)",
					"@executable_path/Frameworks",
					"@loader_path/Frameworks",
				);
				PRODUCT_BUNDLE_IDENTIFIER = wupeng.ThridCodeReadDemoUITests;
				PRODUCT_NAME = "$(TARGET_NAME)";
				TARGETED_DEVICE_FAMILY = "1,2";
				TEST_TARGET_NAME = ThridCodeReadDemo;
			};
			name = Debug;
		};
		76DFBEA22377D32E0092DDF9 /* Release */ = {
			isa = XCBuildConfiguration;
			buildSettings = {
				CODE_SIGN_STYLE = Automatic;
				DEVELOPMENT_TEAM = N76D3WSK95;
				INFOPLIST_FILE = ThridCodeReadDemoUITests/Info.plist;
				LD_RUNPATH_SEARCH_PATHS = (
					"$(inherited)",
					"@executable_path/Frameworks",
					"@loader_path/Frameworks",
				);
				PRODUCT_BUNDLE_IDENTIFIER = wupeng.ThridCodeReadDemoUITests;
				PRODUCT_NAME = "$(TARGET_NAME)";
				TARGETED_DEVICE_FAMILY = "1,2";
				TEST_TARGET_NAME = ThridCodeReadDemo;
			};
			name = Release;
		};
/* End XCBuildConfiguration section */

/* Begin XCConfigurationList section */
		76DFBE692377D32D0092DDF9 /* Build configuration list for PBXProject "ThridCodeReadDemo" */ = {
			isa = XCConfigurationList;
			buildConfigurations = (
				76DFBE982377D32E0092DDF9 /* Debug */,
				76DFBE992377D32E0092DDF9 /* Release */,
			);
			defaultConfigurationIsVisible = 0;
			defaultConfigurationName = Release;
		};
		76DFBE9A2377D32E0092DDF9 /* Build configuration list for PBXNativeTarget "ThridCodeReadDemo" */ = {
			isa = XCConfigurationList;
			buildConfigurations = (
				76DFBE9B2377D32E0092DDF9 /* Debug */,
				76DFBE9C2377D32E0092DDF9 /* Release */,
			);
			defaultConfigurationIsVisible = 0;
			defaultConfigurationName = Release;
		};
		76DFBE9D2377D32E0092DDF9 /* Build configuration list for PBXNativeTarget "ThridCodeReadDemoTests" */ = {
			isa = XCConfigurationList;
			buildConfigurations = (
				76DFBE9E2377D32E0092DDF9 /* Debug */,
				76DFBE9F2377D32E0092DDF9 /* Release */,
			);
			defaultConfigurationIsVisible = 0;
			defaultConfigurationName = Release;
		};
		76DFBEA02377D32E0092DDF9 /* Build configuration list for PBXNativeTarget "ThridCodeReadDemoUITests" */ = {
			isa = XCConfigurationList;
			buildConfigurations = (
				76DFBEA12377D32E0092DDF9 /* Debug */,
				76DFBEA22377D32E0092DDF9 /* Release */,
			);
			defaultConfigurationIsVisible = 0;
			defaultConfigurationName = Release;
		};
/* End XCConfigurationList section */
	};
	rootObject = 76DFBE662377D32D0092DDF9 /* Project object */;
}
