// !$*UTF8*$!
{
	archiveVersion = 1;
	classes = {
	};
	objectVersion = 50;
	objects = {

/* Begin PBXBuildFile section */
		76055178236472130028139A /* AppDelegate.m in Sources */ = {isa = PBXBuildFile; fileRef = 76055177236472130028139A /* AppDelegate.m */; };
		7605517B236472130028139A /* ViewController.m in Sources */ = {isa = PBXBuildFile; fileRef = 7605517A236472130028139A /* ViewController.m */; };
		7605517E236472130028139A /* Main.storyboard in Resources */ = {isa = PBXBuildFile; fileRef = 7605517C236472130028139A /* Main.storyboard */; };
		76055180236472140028139A /* Assets.xcassets in Resources */ = {isa = PBXBuildFile; fileRef = 7605517F236472140028139A /* Assets.xcassets */; };
		76055183236472140028139A /* LaunchScreen.storyboard in Resources */ = {isa = PBXBuildFile; fileRef = 76055181236472140028139A /* LaunchScreen.storyboard */; };
		76055186236472140028139A /* main.m in Sources */ = {isa = PBXBuildFile; fileRef = 76055185236472140028139A /* main.m */; };
		76055190236472140028139A /* CMainTests.m in Sources */ = {isa = PBXBuildFile; fileRef = 7605518F236472140028139A /* CMainTests.m */; };
		7605519B236472140028139A /* CMainUITests.m in Sources */ = {isa = PBXBuildFile; fileRef = 7605519A236472140028139A /* CMainUITests.m */; };
		760551AD23652B760028139A /* ViewController+HOOKTest.m in Sources */ = {isa = PBXBuildFile; fileRef = 760551AC23652B760028139A /* ViewController+HOOKTest.m */; };
		760551B023652C5A0028139A /* ViewController+FishHook.m in Sources */ = {isa = PBXBuildFile; fileRef = 760551AF23652C5A0028139A /* ViewController+FishHook.m */; };
		760551E6236533870028139A /* fishhook.c in Sources */ = {isa = PBXBuildFile; fileRef = 760551E4236533870028139A /* fishhook.c */; };
/* End PBXBuildFile section */

/* Begin PBXContainerItemProxy section */
		7605518C236472140028139A /* PBXContainerItemProxy */ = {
			isa = PBXContainerItemProxy;
			containerPortal = 7605516B236472130028139A /* Project object */;
			proxyType = 1;
			remoteGlobalIDString = 76055172236472130028139A;
			remoteInfo = CMain;
		};
		76055197236472140028139A /* PBXContainerItemProxy */ = {
			isa = PBXContainerItemProxy;
			containerPortal = 7605516B236472130028139A /* Project object */;
			proxyType = 1;
			remoteGlobalIDString = 76055172236472130028139A;
			remoteInfo = CMain;
		};
/* End PBXContainerItemProxy section */

/* Begin PBXFileReference section */
		76055173236472130028139A /* CMain.app */ = {isa = PBXFileReference; explicitFileType = wrapper.application; includeInIndex = 0; path = CMain.app; sourceTree = BUILT_PRODUCTS_DIR; };
		76055176236472130028139A /* AppDelegate.h */ = {isa = PBXFileReference; lastKnownFileType = sourcecode.c.h; path = AppDelegate.h; sourceTree = "<group>"; };
		76055177236472130028139A /* AppDelegate.m */ = {isa = PBXFileReference; lastKnownFileType = sourcecode.c.objc; path = AppDelegate.m; sourceTree = "<group>"; };
		76055179236472130028139A /* ViewController.h */ = {isa = PBXFileReference; lastKnownFileType = sourcecode.c.h; path = ViewController.h; sourceTree = "<group>"; };
		7605517A236472130028139A /* ViewController.m */ = {isa = PBXFileReference; lastKnownFileType = sourcecode.c.objc; path = ViewController.m; sourceTree = "<group>"; };
		7605517D236472130028139A /* Base */ = {isa = PBXFileReference; lastKnownFileType = file.storyboard; name = Base; path = Base.lproj/Main.storyboard; sourceTree = "<group>"; };
		7605517F236472140028139A /* Assets.xcassets */ = {isa = PBXFileReference; lastKnownFileType = folder.assetcatalog; path = Assets.xcassets; sourceTree = "<group>"; };
		76055182236472140028139A /* Base */ = {isa = PBXFileReference; lastKnownFileType = file.storyboard; name = Base; path = Base.lproj/LaunchScreen.storyboard; sourceTree = "<group>"; };
		76055184236472140028139A /* Info.plist */ = {isa = PBXFileReference; lastKnownFileType = text.plist.xml; path = Info.plist; sourceTree = "<group>"; };
		76055185236472140028139A /* main.m */ = {isa = PBXFileReference; lastKnownFileType = sourcecode.c.objc; path = main.m; sourceTree = "<group>"; };
		7605518B236472140028139A /* CMainTests.xctest */ = {isa = PBXFileReference; explicitFileType = wrapper.cfbundle; includeInIndex = 0; path = CMainTests.xctest; sourceTree = BUILT_PRODUCTS_DIR; };
		7605518F236472140028139A /* CMainTests.m */ = {isa = PBXFileReference; lastKnownFileType = sourcecode.c.objc; path = CMainTests.m; sourceTree = "<group>"; };
		76055191236472140028139A /* Info.plist */ = {isa = PBXFileReference; lastKnownFileType = text.plist.xml; path = Info.plist; sourceTree = "<group>"; };
		76055196236472140028139A /* CMainUITests.xctest */ = {isa = PBXFileReference; explicitFileType = wrapper.cfbundle; includeInIndex = 0; path = CMainUITests.xctest; sourceTree = BUILT_PRODUCTS_DIR; };
		7605519A236472140028139A /* CMainUITests.m */ = {isa = PBXFileReference; lastKnownFileType = sourcecode.c.objc; path = CMainUITests.m; sourceTree = "<group>"; };
		7605519C236472140028139A /* Info.plist */ = {isa = PBXFileReference; lastKnownFileType = text.plist.xml; path = Info.plist; sourceTree = "<group>"; };
		760551AB23652B760028139A /* ViewController+HOOKTest.h */ = {isa = PBXFileReference; lastKnownFileType = sourcecode.c.h; path = "ViewController+HOOKTest.h"; sourceTree = "<group>"; };
		760551AC23652B760028139A /* ViewController+HOOKTest.m */ = {isa = PBXFileReference; lastKnownFileType = sourcecode.c.objc; path = "ViewController+HOOKTest.m"; sourceTree = "<group>"; };
		760551AE23652C5A0028139A /* ViewController+FishHook.h */ = {isa = PBXFileReference; lastKnownFileType = sourcecode.c.h; path = "ViewController+FishHook.h"; sourceTree = "<group>"; };
		760551AF23652C5A0028139A /* ViewController+FishHook.m */ = {isa = PBXFileReference; lastKnownFileType = sourcecode.c.objc; path = "ViewController+FishHook.m"; sourceTree = "<group>"; };
		760551E4236533870028139A /* fishhook.c */ = {isa = PBXFileReference; fileEncoding = 4; lastKnownFileType = sourcecode.c.c; path = fishhook.c; sourceTree = "<group>"; };
		760551E5236533870028139A /* fishhook.h */ = {isa = PBXFileReference; fileEncoding = 4; lastKnownFileType = sourcecode.c.h; path = fishhook.h; sourceTree = "<group>"; };
/* End PBXFileReference section */

/* Begin PBXFrameworksBuildPhase section */
		76055170236472130028139A /* Frameworks */ = {
			isa = PBXFrameworksBuildPhase;
			buildActionMask = 2147483647;
			files = (
			);
			runOnlyForDeploymentPostprocessing = 0;
		};
		76055188236472140028139A /* Frameworks */ = {
			isa = PBXFrameworksBuildPhase;
			buildActionMask = 2147483647;
			files = (
			);
			runOnlyForDeploymentPostprocessing = 0;
		};
		76055193236472140028139A /* Frameworks */ = {
			isa = PBXFrameworksBuildPhase;
			buildActionMask = 2147483647;
			files = (
			);
			runOnlyForDeploymentPostprocessing = 0;
		};
/* End PBXFrameworksBuildPhase section */

/* Begin PBXGroup section */
		7605516A236472130028139A = {
			isa = PBXGroup;
			children = (
				76055175236472130028139A /* CMain */,
				7605518E236472140028139A /* CMainTests */,
				76055199236472140028139A /* CMainUITests */,
				76055174236472130028139A /* Products */,
			);
			sourceTree = "<group>";
		};
		76055174236472130028139A /* Products */ = {
			isa = PBXGroup;
			children = (
				76055173236472130028139A /* CMain.app */,
				7605518B236472140028139A /* CMainTests.xctest */,
				76055196236472140028139A /* CMainUITests.xctest */,
			);
			name = Products;
			sourceTree = "<group>";
		};
		76055175236472130028139A /* CMain */ = {
			isa = PBXGroup;
			children = (
				760551E3236533870028139A /* finshhook */,
				76055176236472130028139A /* AppDelegate.h */,
				76055177236472130028139A /* AppDelegate.m */,
				76055179236472130028139A /* ViewController.h */,
				7605517A236472130028139A /* ViewController.m */,
				760551AE23652C5A0028139A /* ViewController+FishHook.h */,
				760551AF23652C5A0028139A /* ViewController+FishHook.m */,
				760551AB23652B760028139A /* ViewController+HOOKTest.h */,
				760551AC23652B760028139A /* ViewController+HOOKTest.m */,
				7605517C236472130028139A /* Main.storyboard */,
				7605517F236472140028139A /* Assets.xcassets */,
				76055181236472140028139A /* LaunchScreen.storyboard */,
				76055184236472140028139A /* Info.plist */,
				76055185236472140028139A /* main.m */,
			);
			path = CMain;
			sourceTree = "<group>";
		};
		7605518E236472140028139A /* CMainTests */ = {
			isa = PBXGroup;
			children = (
				7605518F236472140028139A /* CMainTests.m */,
				76055191236472140028139A /* Info.plist */,
			);
			path = CMainTests;
			sourceTree = "<group>";
		};
		76055199236472140028139A /* CMainUITests */ = {
			isa = PBXGroup;
			children = (
				7605519A236472140028139A /* CMainUITests.m */,
				7605519C236472140028139A /* Info.plist */,
			);
			path = CMainUITests;
			sourceTree = "<group>";
		};
		760551E3236533870028139A /* finshhook */ = {
			isa = PBXGroup;
			children = (
				760551E4236533870028139A /* fishhook.c */,
				760551E5236533870028139A /* fishhook.h */,
			);
			name = finshhook;
			path = ../../finshhook;
			sourceTree = "<group>";
		};
/* End PBXGroup section */

/* Begin PBXNativeTarget section */
		76055172236472130028139A /* CMain */ = {
			isa = PBXNativeTarget;
			buildConfigurationList = 7605519F236472140028139A /* Build configuration list for PBXNativeTarget "CMain" */;
			buildPhases = (
				7605516F236472130028139A /* Sources */,
				76055170236472130028139A /* Frameworks */,
				76055171236472130028139A /* Resources */,
			);
			buildRules = (
			);
			dependencies = (
			);
			name = CMain;
			productName = CMain;
			productReference = 76055173236472130028139A /* CMain.app */;
			productType = "com.apple.product-type.application";
		};
		7605518A236472140028139A /* CMainTests */ = {
			isa = PBXNativeTarget;
			buildConfigurationList = 760551A2236472140028139A /* Build configuration list for PBXNativeTarget "CMainTests" */;
			buildPhases = (
				76055187236472140028139A /* Sources */,
				76055188236472140028139A /* Frameworks */,
				76055189236472140028139A /* Resources */,
			);
			buildRules = (
			);
			dependencies = (
				7605518D236472140028139A /* PBXTargetDependency */,
			);
			name = CMainTests;
			productName = CMainTests;
			productReference = 7605518B236472140028139A /* CMainTests.xctest */;
			productType = "com.apple.product-type.bundle.unit-test";
		};
		76055195236472140028139A /* CMainUITests */ = {
			isa = PBXNativeTarget;
			buildConfigurationList = 760551A5236472140028139A /* Build configuration list for PBXNativeTarget "CMainUITests" */;
			buildPhases = (
				76055192236472140028139A /* Sources */,
				76055193236472140028139A /* Frameworks */,
				76055194236472140028139A /* Resources */,
			);
			buildRules = (
			);
			dependencies = (
				76055198236472140028139A /* PBXTargetDependency */,
			);
			name = CMainUITests;
			productName = CMainUITests;
			productReference = 76055196236472140028139A /* CMainUITests.xctest */;
			productType = "com.apple.product-type.bundle.ui-testing";
		};
/* End PBXNativeTarget section */

/* Begin PBXProject section */
		7605516B236472130028139A /* Project object */ = {
			isa = PBXProject;
			attributes = {
				LastUpgradeCheck = 1030;
				ORGANIZATIONNAME = wupeng;
				TargetAttributes = {
					76055172236472130028139A = {
						CreatedOnToolsVersion = 10.3;
					};
					7605518A236472140028139A = {
						CreatedOnToolsVersion = 10.3;
						TestTargetID = 76055172236472130028139A;
					};
					76055195236472140028139A = {
						CreatedOnToolsVersion = 10.3;
						TestTargetID = 76055172236472130028139A;
					};
				};
			};
			buildConfigurationList = 7605516E236472130028139A /* Build configuration list for PBXProject "CMain" */;
			compatibilityVersion = "Xcode 9.3";
			developmentRegion = en;
			hasScannedForEncodings = 0;
			knownRegions = (
				en,
				Base,
			);
			mainGroup = 7605516A236472130028139A;
			productRefGroup = 76055174236472130028139A /* Products */;
			projectDirPath = "";
			projectRoot = "";
			targets = (
				76055172236472130028139A /* CMain */,
				7605518A236472140028139A /* CMainTests */,
				76055195236472140028139A /* CMainUITests */,
			);
		};
/* End PBXProject section */

/* Begin PBXResourcesBuildPhase section */
		76055171236472130028139A /* Resources */ = {
			isa = PBXResourcesBuildPhase;
			buildActionMask = 2147483647;
			files = (
				76055183236472140028139A /* LaunchScreen.storyboard in Resources */,
				76055180236472140028139A /* Assets.xcassets in Resources */,
				7605517E236472130028139A /* Main.storyboard in Resources */,
			);
			runOnlyForDeploymentPostprocessing = 0;
		};
		76055189236472140028139A /* Resources */ = {
			isa = PBXResourcesBuildPhase;
			buildActionMask = 2147483647;
			files = (
			);
			runOnlyForDeploymentPostprocessing = 0;
		};
		76055194236472140028139A /* Resources */ = {
			isa = PBXResourcesBuildPhase;
			buildActionMask = 2147483647;
			files = (
			);
			runOnlyForDeploymentPostprocessing = 0;
		};
/* End PBXResourcesBuildPhase section */

/* Begin PBXSourcesBuildPhase section */
		7605516F236472130028139A /* Sources */ = {
			isa = PBXSourcesBuildPhase;
			buildActionMask = 2147483647;
			files = (
				7605517B236472130028139A /* ViewController.m in Sources */,
				76055186236472140028139A /* main.m in Sources */,
				76055178236472130028139A /* AppDelegate.m in Sources */,
				760551B023652C5A0028139A /* ViewController+FishHook.m in Sources */,
				760551E6236533870028139A /* fishhook.c in Sources */,
				760551AD23652B760028139A /* ViewController+HOOKTest.m in Sources */,
			);
			runOnlyForDeploymentPostprocessing = 0;
		};
		76055187236472140028139A /* Sources */ = {
			isa = PBXSourcesBuildPhase;
			buildActionMask = 2147483647;
			files = (
				76055190236472140028139A /* CMainTests.m in Sources */,
			);
			runOnlyForDeploymentPostprocessing = 0;
		};
		76055192236472140028139A /* Sources */ = {
			isa = PBXSourcesBuildPhase;
			buildActionMask = 2147483647;
			files = (
				7605519B236472140028139A /* CMainUITests.m in Sources */,
			);
			runOnlyForDeploymentPostprocessing = 0;
		};
/* End PBXSourcesBuildPhase section */

/* Begin PBXTargetDependency section */
		7605518D236472140028139A /* PBXTargetDependency */ = {
			isa = PBXTargetDependency;
			target = 76055172236472130028139A /* CMain */;
			targetProxy = 7605518C236472140028139A /* PBXContainerItemProxy */;
		};
		76055198236472140028139A /* PBXTargetDependency */ = {
			isa = PBXTargetDependency;
			target = 76055172236472130028139A /* CMain */;
			targetProxy = 76055197236472140028139A /* PBXContainerItemProxy */;
		};
/* End PBXTargetDependency section */

/* Begin PBXVariantGroup section */
		7605517C236472130028139A /* Main.storyboard */ = {
			isa = PBXVariantGroup;
			children = (
				7605517D236472130028139A /* Base */,
			);
			name = Main.storyboard;
			sourceTree = "<group>";
		};
		76055181236472140028139A /* LaunchScreen.storyboard */ = {
			isa = PBXVariantGroup;
			children = (
				76055182236472140028139A /* Base */,
			);
			name = LaunchScreen.storyboard;
			sourceTree = "<group>";
		};
/* End PBXVariantGroup section */

/* Begin XCBuildConfiguration section */
		7605519D236472140028139A /* Debug */ = {
			isa = XCBuildConfiguration;
			buildSettings = {
				ALWAYS_SEARCH_USER_PATHS = NO;
				CLANG_ANALYZER_NONNULL = YES;
				CLANG_ANALYZER_NUMBER_OBJECT_CONVERSION = YES_AGGRESSIVE;
				CLANG_CXX_LANGUAGE_STANDARD = "gnu++14";
				CLANG_CXX_LIBRARY = "libc++";
				CLANG_ENABLE_MODULES = YES;
				CLANG_ENABLE_OBJC_ARC = YES;
				CLANG_ENABLE_OBJC_WEAK = YES;
				CLANG_WARN_BLOCK_CAPTURE_AUTORELEASING = YES;
				CLANG_WARN_BOOL_CONVERSION = YES;
				CLANG_WARN_COMMA = YES;
				CLANG_WARN_CONSTANT_CONVERSION = YES;
				CLANG_WARN_DEPRECATED_OBJC_IMPLEMENTATIONS = YES;
				CLANG_WARN_DIRECT_OBJC_ISA_USAGE = YES_ERROR;
				CLANG_WARN_DOCUMENTATION_COMMENTS = YES;
				CLANG_WARN_EMPTY_BODY = YES;
				CLANG_WARN_ENUM_CONVERSION = YES;
				CLANG_WARN_INFINITE_RECURSION = YES;
				CLANG_WARN_INT_CONVERSION = YES;
				CLANG_WARN_NON_LITERAL_NULL_CONVERSION = YES;
				CLANG_WARN_OBJC_IMPLICIT_RETAIN_SELF = YES;
				CLANG_WARN_OBJC_LITERAL_CONVERSION = YES;
				CLANG_WARN_OBJC_ROOT_CLASS = YES_ERROR;
				CLANG_WARN_RANGE_LOOP_ANALYSIS = YES;
				CLANG_WARN_STRICT_PROTOTYPES = YES;
				CLANG_WARN_SUSPICIOUS_MOVE = YES;
				CLANG_WARN_UNGUARDED_AVAILABILITY = YES_AGGRESSIVE;
				CLANG_WARN_UNREACHABLE_CODE = YES;
				CLANG_WARN__DUPLICATE_METHOD_MATCH = YES;
				CODE_SIGN_IDENTITY = "iPhone Developer";
				COPY_PHASE_STRIP = NO;
				DEBUG_INFORMATION_FORMAT = dwarf;
				ENABLE_STRICT_OBJC_MSGSEND = YES;
				ENABLE_TESTABILITY = YES;
				GCC_C_LANGUAGE_STANDARD = gnu11;
				GCC_DYNAMIC_NO_PIC = NO;
				GCC_NO_COMMON_BLOCKS = YES;
				GCC_OPTIMIZATION_LEVEL = 0;
				GCC_PREPROCESSOR_DEFINITIONS = (
					"DEBUG=1",
					"$(inherited)",
				);
				GCC_WARN_64_TO_32_BIT_CONVERSION = YES;
				GCC_WARN_ABOUT_RETURN_TYPE = YES_ERROR;
				GCC_WARN_UNDECLARED_SELECTOR = YES;
				GCC_WARN_UNINITIALIZED_AUTOS = YES_AGGRESSIVE;
				GCC_WARN_UNUSED_FUNCTION = YES;
				GCC_WARN_UNUSED_VARIABLE = YES;
				IPHONEOS_DEPLOYMENT_TARGET = 12.4;
				MTL_ENABLE_DEBUG_INFO = INCLUDE_SOURCE;
				MTL_FAST_MATH = YES;
				ONLY_ACTIVE_ARCH = YES;
				SDKROOT = iphoneos;
			};
			name = Debug;
		};
		7605519E236472140028139A /* Release */ = {
			isa = XCBuildConfiguration;
			buildSettings = {
				ALWAYS_SEARCH_USER_PATHS = NO;
				CLANG_ANALYZER_NONNULL = YES;
				CLANG_ANALYZER_NUMBER_OBJECT_CONVERSION = YES_AGGRESSIVE;
				CLANG_CXX_LANGUAGE_STANDARD = "gnu++14";
				CLANG_CXX_LIBRARY = "libc++";
				CLANG_ENABLE_MODULES = YES;
				CLANG_ENABLE_OBJC_ARC = YES;
				CLANG_ENABLE_OBJC_WEAK = YES;
				CLANG_WARN_BLOCK_CAPTURE_AUTORELEASING = YES;
				CLANG_WARN_BOOL_CONVERSION = YES;
				CLANG_WARN_COMMA = YES;
				CLANG_WARN_CONSTANT_CONVERSION = YES;
				CLANG_WARN_DEPRECATED_OBJC_IMPLEMENTATIONS = YES;
				CLANG_WARN_DIRECT_OBJC_ISA_USAGE = YES_ERROR;
				CLANG_WARN_DOCUMENTATION_COMMENTS = YES;
				CLANG_WARN_EMPTY_BODY = YES;
				CLANG_WARN_ENUM_CONVERSION = YES;
				CLANG_WARN_INFINITE_RECURSION = YES;
				CLANG_WARN_INT_CONVERSION = YES;
				CLANG_WARN_NON_LITERAL_NULL_CONVERSION = YES;
				CLANG_WARN_OBJC_IMPLICIT_RETAIN_SELF = YES;
				CLANG_WARN_OBJC_LITERAL_CONVERSION = YES;
				CLANG_WARN_OBJC_ROOT_CLASS = YES_ERROR;
				CLANG_WARN_RANGE_LOOP_ANALYSIS = YES;
				CLANG_WARN_STRICT_PROTOTYPES = YES;
				CLANG_WARN_SUSPICIOUS_MOVE = YES;
				CLANG_WARN_UNGUARDED_AVAILABILITY = YES_AGGRESSIVE;
				CLANG_WARN_UNREACHABLE_CODE = YES;
				CLANG_WARN__DUPLICATE_METHOD_MATCH = YES;
				CODE_SIGN_IDENTITY = "iPhone Developer";
				COPY_PHASE_STRIP = NO;
				DEBUG_INFORMATION_FORMAT = "dwarf-with-dsym";
				ENABLE_NS_ASSERTIONS = NO;
				ENABLE_STRICT_OBJC_MSGSEND = YES;
				GCC_C_LANGUAGE_STANDARD = gnu11;
				GCC_NO_COMMON_BLOCKS = YES;
				GCC_WARN_64_TO_32_BIT_CONVERSION = YES;
				GCC_WARN_ABOUT_RETURN_TYPE = YES_ERROR;
				GCC_WARN_UNDECLARED_SELECTOR = YES;
				GCC_WARN_UNINITIALIZED_AUTOS = YES_AGGRESSIVE;
				GCC_WARN_UNUSED_FUNCTION = YES;
				GCC_WARN_UNUSED_VARIABLE = YES;
				IPHONEOS_DEPLOYMENT_TARGET = 12.4;
				MTL_ENABLE_DEBUG_INFO = NO;
				MTL_FAST_MATH = YES;
				SDKROOT = iphoneos;
				VALIDATE_PRODUCT = YES;
			};
			name = Release;
		};
		760551A0236472140028139A /* Debug */ = {
			isa = XCBuildConfiguration;
			buildSettings = {
				ASSETCATALOG_COMPILER_APPICON_NAME = AppIcon;
				CODE_SIGN_STYLE = Automatic;
				DEVELOPMENT_TEAM = N76D3WSK95;
				FRAMEWORK_SEARCH_PATHS = (
					"$(inherited)",
					"$(PROJECT_DIR)/CMain",
				);
				INFOPLIST_FILE = CMain/Info.plist;
				LD_RUNPATH_SEARCH_PATHS = (
					"$(inherited)",
					"@executable_path/Frameworks",
				);
				PRODUCT_BUNDLE_IDENTIFIER = wupeng.CMain;
				PRODUCT_NAME = "$(TARGET_NAME)";
				TARGETED_DEVICE_FAMILY = "1,2";
			};
			name = Debug;
		};
		760551A1236472140028139A /* Release */ = {
			isa = XCBuildConfiguration;
			buildSettings = {
				ASSETCATALOG_COMPILER_APPICON_NAME = AppIcon;
				CODE_SIGN_STYLE = Automatic;
				DEVELOPMENT_TEAM = N76D3WSK95;
				FRAMEWORK_SEARCH_PATHS = (
					"$(inherited)",
					"$(PROJECT_DIR)/CMain",
				);
				INFOPLIST_FILE = CMain/Info.plist;
				LD_RUNPATH_SEARCH_PATHS = (
					"$(inherited)",
					"@executable_path/Frameworks",
				);
				PRODUCT_BUNDLE_IDENTIFIER = wupeng.CMain;
				PRODUCT_NAME = "$(TARGET_NAME)";
				TARGETED_DEVICE_FAMILY = "1,2";
			};
			name = Release;
		};
		760551A3236472140028139A /* Debug */ = {
			isa = XCBuildConfiguration;
			buildSettings = {
				BUNDLE_LOADER = "$(TEST_HOST)";
				CODE_SIGN_STYLE = Automatic;
				DEVELOPMENT_TEAM = N76D3WSK95;
				INFOPLIST_FILE = CMainTests/Info.plist;
				LD_RUNPATH_SEARCH_PATHS = (
					"$(inherited)",
					"@executable_path/Frameworks",
					"@loader_path/Frameworks",
				);
				PRODUCT_BUNDLE_IDENTIFIER = wupeng.CMainTests;
				PRODUCT_NAME = "$(TARGET_NAME)";
				TARGETED_DEVICE_FAMILY = "1,2";
				TEST_HOST = "$(BUILT_PRODUCTS_DIR)/CMain.app/CMain";
			};
			name = Debug;
		};
		760551A4236472140028139A /* Release */ = {
			isa = XCBuildConfiguration;
			buildSettings = {
				BUNDLE_LOADER = "$(TEST_HOST)";
				CODE_SIGN_STYLE = Automatic;
				DEVELOPMENT_TEAM = N76D3WSK95;
				INFOPLIST_FILE = CMainTests/Info.plist;
				LD_RUNPATH_SEARCH_PATHS = (
					"$(inherited)",
					"@executable_path/Frameworks",
					"@loader_path/Frameworks",
				);
				PRODUCT_BUNDLE_IDENTIFIER = wupeng.CMainTests;
				PRODUCT_NAME = "$(TARGET_NAME)";
				TARGETED_DEVICE_FAMILY = "1,2";
				TEST_HOST = "$(BUILT_PRODUCTS_DIR)/CMain.app/CMain";
			};
			name = Release;
		};
		760551A6236472140028139A /* Debug */ = {
			isa = XCBuildConfiguration;
			buildSettings = {
				CODE_SIGN_STYLE = Automatic;
				DEVELOPMENT_TEAM = N76D3WSK95;
				INFOPLIST_FILE = CMainUITests/Info.plist;
				LD_RUNPATH_SEARCH_PATHS = (
					"$(inherited)",
					"@executable_path/Frameworks",
					"@loader_path/Frameworks",
				);
				PRODUCT_BUNDLE_IDENTIFIER = wupeng.CMainUITests;
				PRODUCT_NAME = "$(TARGET_NAME)";
				TARGETED_DEVICE_FAMILY = "1,2";
				TEST_TARGET_NAME = CMain;
			};
			name = Debug;
		};
		760551A7236472140028139A /* Release */ = {
			isa = XCBuildConfiguration;
			buildSettings = {
				CODE_SIGN_STYLE = Automatic;
				DEVELOPMENT_TEAM = N76D3WSK95;
				INFOPLIST_FILE = CMainUITests/Info.plist;
				LD_RUNPATH_SEARCH_PATHS = (
					"$(inherited)",
					"@executable_path/Frameworks",
					"@loader_path/Frameworks",
				);
				PRODUCT_BUNDLE_IDENTIFIER = wupeng.CMainUITests;
				PRODUCT_NAME = "$(TARGET_NAME)";
				TARGETED_DEVICE_FAMILY = "1,2";
				TEST_TARGET_NAME = CMain;
			};
			name = Release;
		};
/* End XCBuildConfiguration section */

/* Begin XCConfigurationList section */
		7605516E236472130028139A /* Build configuration list for PBXProject "CMain" */ = {
			isa = XCConfigurationList;
			buildConfigurations = (
				7605519D236472140028139A /* Debug */,
				7605519E236472140028139A /* Release */,
			);
			defaultConfigurationIsVisible = 0;
			defaultConfigurationName = Release;
		};
		7605519F236472140028139A /* Build configuration list for PBXNativeTarget "CMain" */ = {
			isa = XCConfigurationList;
			buildConfigurations = (
				760551A0236472140028139A /* Debug */,
				760551A1236472140028139A /* Release */,
			);
			defaultConfigurationIsVisible = 0;
			defaultConfigurationName = Release;
		};
		760551A2236472140028139A /* Build configuration list for PBXNativeTarget "CMainTests" */ = {
			isa = XCConfigurationList;
			buildConfigurations = (
				760551A3236472140028139A /* Debug */,
				760551A4236472140028139A /* Release */,
			);
			defaultConfigurationIsVisible = 0;
			defaultConfigurationName = Release;
		};
		760551A5236472140028139A /* Build configuration list for PBXNativeTarget "CMainUITests" */ = {
			isa = XCConfigurationList;
			buildConfigurations = (
				760551A6236472140028139A /* Debug */,
				760551A7236472140028139A /* Release */,
			);
			defaultConfigurationIsVisible = 0;
			defaultConfigurationName = Release;
		};
/* End XCConfigurationList section */
	};
	rootObject = 7605516B236472130028139A /* Project object */;
}
